// !$*UTF8*$!
{
	archiveVersion = 1;
	classes = {
	};
	objectVersion = 46;
	objects = {

/* Begin PBXBuildFile section */
		0906A68F1D9BDADD0039F55D /* AprendeSimbolosTableViewCell.swift in Sources */ = {isa = PBXBuildFile; fileRef = 0906A68D1D9BDADD0039F55D /* AprendeSimbolosTableViewCell.swift */; };
		0906A6901D9BDADD0039F55D /* AprendeSimbolosTableViewCell.xib in Resources */ = {isa = PBXBuildFile; fileRef = 0906A68E1D9BDADD0039F55D /* AprendeSimbolosTableViewCell.xib */; };
		0906A6921D9BE09A0039F55D /* AprendeSimbolosViewController.swift in Sources */ = {isa = PBXBuildFile; fileRef = 0906A6911D9BE09A0039F55D /* AprendeSimbolosViewController.swift */; };
		09FAC0AB1DA3A05A00477344 /* SYBLoginViewController.swift in Sources */ = {isa = PBXBuildFile; fileRef = 09FAC0AA1DA3A05A00477344 /* SYBLoginViewController.swift */; };
		09FAC0AD1DA3A0A600477344 /* SYBRegistroNuevoUsuarioViewController.swift in Sources */ = {isa = PBXBuildFile; fileRef = 09FAC0AC1DA3A0A600477344 /* SYBRegistroNuevoUsuarioViewController.swift */; };
		09FAC0B01DA3BC3700477344 /* profileDefault.png in Resources */ = {isa = PBXBuildFile; fileRef = 09FAC0AF1DA3BC3700477344 /* profileDefault.png */; };
		09FAC0B21DA3BE8100477344 /* iconoMapa.png in Resources */ = {isa = PBXBuildFile; fileRef = 09FAC0B11DA3BE8100477344 /* iconoMapa.png */; };
		09FAC0B41DA3C16C00477344 /* fondo.png in Resources */ = {isa = PBXBuildFile; fileRef = 09FAC0B31DA3C16C00477344 /* fondo.png */; };
		09FAC0B91DA3CA9800477344 /* Bolts.framework in Frameworks */ = {isa = PBXBuildFile; fileRef = 09FAC0B51DA3CA9800477344 /* Bolts.framework */; };
		09FAC0BA1DA3CA9800477344 /* Parse.framework in Frameworks */ = {isa = PBXBuildFile; fileRef = 09FAC0B61DA3CA9800477344 /* Parse.framework */; };
		09FAC0BB1DA3CA9800477344 /* ParseFacebookUtils.framework in Frameworks */ = {isa = PBXBuildFile; fileRef = 09FAC0B71DA3CA9800477344 /* ParseFacebookUtils.framework */; };
		09FAC0BC1DA3CA9800477344 /* ParseFacebookUtilsV4.framework in Frameworks */ = {isa = PBXBuildFile; fileRef = 09FAC0B81DA3CA9800477344 /* ParseFacebookUtilsV4.framework */; };
		09FAC0BE1DA3CAC500477344 /* libz.tbd in Frameworks */ = {isa = PBXBuildFile; fileRef = 09FAC0BD1DA3CAC500477344 /* libz.tbd */; };
		09FAC0C01DA3CAD300477344 /* libsqlite3.tbd in Frameworks */ = {isa = PBXBuildFile; fileRef = 09FAC0BF1DA3CAD300477344 /* libsqlite3.tbd */; };
		09FAC0C21DA3CAE400477344 /* SystemConfiguration.framework in Frameworks */ = {isa = PBXBuildFile; fileRef = 09FAC0C11DA3CAE400477344 /* SystemConfiguration.framework */; };
		09FAC0C41DA3CAED00477344 /* QuartzCore.framework in Frameworks */ = {isa = PBXBuildFile; fileRef = 09FAC0C31DA3CAED00477344 /* QuartzCore.framework */; };
		09FAC0C61DA3CAF600477344 /* StoreKit.framework in Frameworks */ = {isa = PBXBuildFile; fileRef = 09FAC0C51DA3CAF600477344 /* StoreKit.framework */; };
		09FAC0C91DA3CE1B00477344 /* CFNetwork.framework in Frameworks */ = {isa = PBXBuildFile; fileRef = 09FAC0C81DA3CE1B00477344 /* CFNetwork.framework */; };
		09FAC0CB1DA3CE2200477344 /* AudioToolbox.framework in Frameworks */ = {isa = PBXBuildFile; fileRef = 09FAC0CA1DA3CE2200477344 /* AudioToolbox.framework */; };
		09FAC0CD1DA3CE4F00477344 /* CoreLocation.framework in Frameworks */ = {isa = PBXBuildFile; fileRef = 09FAC0CC1DA3CE4F00477344 /* CoreLocation.framework */; };
		D55677481D69CA1E00A35C0E /* SYBCollectionViewCell.swift in Sources */ = {isa = PBXBuildFile; fileRef = D55677471D69CA1E00A35C0E /* SYBCollectionViewCell.swift */; };
		D556774C1D69D9D800A35C0E /* SYBQuizsViewController.swift in Sources */ = {isa = PBXBuildFile; fileRef = D556774B1D69D9D800A35C0E /* SYBQuizsViewController.swift */; };
		D5B2F6201D92E069008DF8A3 /* SimbolosDescripcion.plist in Resources */ = {isa = PBXBuildFile; fileRef = D5B2F61F1D92E069008DF8A3 /* SimbolosDescripcion.plist */; };
		D5B2F6281D92E1A7008DF8A3 /* simbolo0.png in Resources */ = {isa = PBXBuildFile; fileRef = D5B2F6231D92E1A7008DF8A3 /* simbolo0.png */; };
		D5B2F6291D92E1A7008DF8A3 /* simbolo1.png in Resources */ = {isa = PBXBuildFile; fileRef = D5B2F6241D92E1A7008DF8A3 /* simbolo1.png */; };
		D5B2F62A1D92E1A7008DF8A3 /* simbolo2.png in Resources */ = {isa = PBXBuildFile; fileRef = D5B2F6251D92E1A7008DF8A3 /* simbolo2.png */; };
		D5B2F62B1D92E1A7008DF8A3 /* simbolo3.png in Resources */ = {isa = PBXBuildFile; fileRef = D5B2F6261D92E1A7008DF8A3 /* simbolo3.png */; };
		D5B2F62C1D92E1A7008DF8A3 /* simbolo4.png in Resources */ = {isa = PBXBuildFile; fileRef = D5B2F6271D92E1A7008DF8A3 /* simbolo4.png */; };
		D5B2F62E1D92EC60008DF8A3 /* checkOK.png in Resources */ = {isa = PBXBuildFile; fileRef = D5B2F62D1D92EC60008DF8A3 /* checkOK.png */; };
		D5B2F6301D930BCD008DF8A3 /* checkKO.png in Resources */ = {isa = PBXBuildFile; fileRef = D5B2F62F1D930BCD008DF8A3 /* checkKO.png */; };
		D5B2F6341D93182D008DF8A3 /* SYBMenuViewController.swift in Sources */ = {isa = PBXBuildFile; fileRef = D5B2F6331D93182D008DF8A3 /* SYBMenuViewController.swift */; };
		D5B37C1C1D68E431002009DB /* AppDelegate.swift in Sources */ = {isa = PBXBuildFile; fileRef = D5B37C1B1D68E431002009DB /* AppDelegate.swift */; };
		D5B37C211D68E431002009DB /* Main.storyboard in Resources */ = {isa = PBXBuildFile; fileRef = D5B37C1F1D68E431002009DB /* Main.storyboard */; };
		D5B37C231D68E432002009DB /* Assets.xcassets in Resources */ = {isa = PBXBuildFile; fileRef = D5B37C221D68E432002009DB /* Assets.xcassets */; };
		D5B37C261D68E432002009DB /* LaunchScreen.storyboard in Resources */ = {isa = PBXBuildFile; fileRef = D5B37C241D68E432002009DB /* LaunchScreen.storyboard */; };
/* End PBXBuildFile section */

/* Begin PBXFileReference section */
		0906A68D1D9BDADD0039F55D /* AprendeSimbolosTableViewCell.swift */ = {isa = PBXFileReference; fileEncoding = 4; lastKnownFileType = sourcecode.swift; name = AprendeSimbolosTableViewCell.swift; path = ../AprendeSimbolosTableViewCell.swift; sourceTree = "<group>"; };
		0906A68E1D9BDADD0039F55D /* AprendeSimbolosTableViewCell.xib */ = {isa = PBXFileReference; fileEncoding = 4; lastKnownFileType = file.xib; name = AprendeSimbolosTableViewCell.xib; path = ../AprendeSimbolosTableViewCell.xib; sourceTree = "<group>"; };
		0906A6911D9BE09A0039F55D /* AprendeSimbolosViewController.swift */ = {isa = PBXFileReference; fileEncoding = 4; lastKnownFileType = sourcecode.swift; name = AprendeSimbolosViewController.swift; path = ../AprendeSimbolosViewController.swift; sourceTree = "<group>"; };
		09FAC0AA1DA3A05A00477344 /* SYBLoginViewController.swift */ = {isa = PBXFileReference; fileEncoding = 4; lastKnownFileType = sourcecode.swift; name = SYBLoginViewController.swift; path = ../SYBLoginViewController.swift; sourceTree = "<group>"; };
		09FAC0AC1DA3A0A600477344 /* SYBRegistroNuevoUsuarioViewController.swift */ = {isa = PBXFileReference; fileEncoding = 4; lastKnownFileType = sourcecode.swift; name = SYBRegistroNuevoUsuarioViewController.swift; path = ../SYBRegistroNuevoUsuarioViewController.swift; sourceTree = "<group>"; };
		09FAC0AF1DA3BC3700477344 /* profileDefault.png */ = {isa = PBXFileReference; lastKnownFileType = image.png; path = profileDefault.png; sourceTree = "<group>"; };
		09FAC0B11DA3BE8100477344 /* iconoMapa.png */ = {isa = PBXFileReference; lastKnownFileType = image.png; path = iconoMapa.png; sourceTree = "<group>"; };
		09FAC0B31DA3C16C00477344 /* fondo.png */ = {isa = PBXFileReference; lastKnownFileType = image.png; path = fondo.png; sourceTree = "<group>"; };
		09FAC0B51DA3CA9800477344 /* Bolts.framework */ = {isa = PBXFileReference; lastKnownFileType = wrapper.framework; path = Bolts.framework; sourceTree = "<group>"; };
		09FAC0B61DA3CA9800477344 /* Parse.framework */ = {isa = PBXFileReference; lastKnownFileType = wrapper.framework; path = Parse.framework; sourceTree = "<group>"; };
		09FAC0B71DA3CA9800477344 /* ParseFacebookUtils.framework */ = {isa = PBXFileReference; lastKnownFileType = wrapper.framework; path = ParseFacebookUtils.framework; sourceTree = "<group>"; };
		09FAC0B81DA3CA9800477344 /* ParseFacebookUtilsV4.framework */ = {isa = PBXFileReference; lastKnownFileType = wrapper.framework; path = ParseFacebookUtilsV4.framework; sourceTree = "<group>"; };
		09FAC0BD1DA3CAC500477344 /* libz.tbd */ = {isa = PBXFileReference; lastKnownFileType = "sourcecode.text-based-dylib-definition"; name = libz.tbd; path = usr/lib/libz.tbd; sourceTree = SDKROOT; };
		09FAC0BF1DA3CAD300477344 /* libsqlite3.tbd */ = {isa = PBXFileReference; lastKnownFileType = "sourcecode.text-based-dylib-definition"; name = libsqlite3.tbd; path = usr/lib/libsqlite3.tbd; sourceTree = SDKROOT; };
		09FAC0C11DA3CAE400477344 /* SystemConfiguration.framework */ = {isa = PBXFileReference; lastKnownFileType = wrapper.framework; name = SystemConfiguration.framework; path = System/Library/Frameworks/SystemConfiguration.framework; sourceTree = SDKROOT; };
		09FAC0C31DA3CAED00477344 /* QuartzCore.framework */ = {isa = PBXFileReference; lastKnownFileType = wrapper.framework; name = QuartzCore.framework; path = System/Library/Frameworks/QuartzCore.framework; sourceTree = SDKROOT; };
		09FAC0C51DA3CAF600477344 /* StoreKit.framework */ = {isa = PBXFileReference; lastKnownFileType = wrapper.framework; name = StoreKit.framework; path = System/Library/Frameworks/StoreKit.framework; sourceTree = SDKROOT; };
		09FAC0C81DA3CE1B00477344 /* CFNetwork.framework */ = {isa = PBXFileReference; lastKnownFileType = wrapper.framework; name = CFNetwork.framework; path = System/Library/Frameworks/CFNetwork.framework; sourceTree = SDKROOT; };
		09FAC0CA1DA3CE2200477344 /* AudioToolbox.framework */ = {isa = PBXFileReference; lastKnownFileType = wrapper.framework; name = AudioToolbox.framework; path = System/Library/Frameworks/AudioToolbox.framework; sourceTree = SDKROOT; };
		09FAC0CC1DA3CE4F00477344 /* CoreLocation.framework */ = {isa = PBXFileReference; lastKnownFileType = wrapper.framework; name = CoreLocation.framework; path = System/Library/Frameworks/CoreLocation.framework; sourceTree = SDKROOT; };
		D55677471D69CA1E00A35C0E /* SYBCollectionViewCell.swift */ = {isa = PBXFileReference; fileEncoding = 4; lastKnownFileType = sourcecode.swift; path = SYBCollectionViewCell.swift; sourceTree = "<group>"; };
		D556774B1D69D9D800A35C0E /* SYBQuizsViewController.swift */ = {isa = PBXFileReference; fileEncoding = 4; lastKnownFileType = sourcecode.swift; path = SYBQuizsViewController.swift; sourceTree = "<group>"; };
		D5B2F61F1D92E069008DF8A3 /* SimbolosDescripcion.plist */ = {isa = PBXFileReference; fileEncoding = 4; lastKnownFileType = text.plist.xml; path = SimbolosDescripcion.plist; sourceTree = "<group>"; };
		D5B2F6231D92E1A7008DF8A3 /* simbolo0.png */ = {isa = PBXFileReference; lastKnownFileType = image.png; path = simbolo0.png; sourceTree = "<group>"; };
		D5B2F6241D92E1A7008DF8A3 /* simbolo1.png */ = {isa = PBXFileReference; lastKnownFileType = image.png; path = simbolo1.png; sourceTree = "<group>"; };
		D5B2F6251D92E1A7008DF8A3 /* simbolo2.png */ = {isa = PBXFileReference; lastKnownFileType = image.png; path = simbolo2.png; sourceTree = "<group>"; };
		D5B2F6261D92E1A7008DF8A3 /* simbolo3.png */ = {isa = PBXFileReference; lastKnownFileType = image.png; path = simbolo3.png; sourceTree = "<group>"; };
		D5B2F6271D92E1A7008DF8A3 /* simbolo4.png */ = {isa = PBXFileReference; lastKnownFileType = image.png; path = simbolo4.png; sourceTree = "<group>"; };
		D5B2F62D1D92EC60008DF8A3 /* checkOK.png */ = {isa = PBXFileReference; lastKnownFileType = image.png; path = checkOK.png; sourceTree = "<group>"; };
		D5B2F62F1D930BCD008DF8A3 /* checkKO.png */ = {isa = PBXFileReference; lastKnownFileType = image.png; path = checkKO.png; sourceTree = "<group>"; };
		D5B2F6331D93182D008DF8A3 /* SYBMenuViewController.swift */ = {isa = PBXFileReference; fileEncoding = 4; lastKnownFileType = sourcecode.swift; name = SYBMenuViewController.swift; path = ../SYBMenuViewController.swift; sourceTree = "<group>"; };
		D5B37C181D68E431002009DB /* OrienteeringQuiz.app */ = {isa = PBXFileReference; explicitFileType = wrapper.application; includeInIndex = 0; path = OrienteeringQuiz.app; sourceTree = BUILT_PRODUCTS_DIR; };
		D5B37C1B1D68E431002009DB /* AppDelegate.swift */ = {isa = PBXFileReference; lastKnownFileType = sourcecode.swift; path = AppDelegate.swift; sourceTree = "<group>"; };
		D5B37C201D68E431002009DB /* Base */ = {isa = PBXFileReference; lastKnownFileType = file.storyboard; name = Base; path = Base.lproj/Main.storyboard; sourceTree = "<group>"; };
		D5B37C221D68E432002009DB /* Assets.xcassets */ = {isa = PBXFileReference; lastKnownFileType = folder.assetcatalog; path = Assets.xcassets; sourceTree = "<group>"; };
		D5B37C251D68E432002009DB /* Base */ = {isa = PBXFileReference; lastKnownFileType = file.storyboard; name = Base; path = Base.lproj/LaunchScreen.storyboard; sourceTree = "<group>"; };
		D5B37C271D68E432002009DB /* Info.plist */ = {isa = PBXFileReference; lastKnownFileType = text.plist.xml; path = Info.plist; sourceTree = "<group>"; };
/* End PBXFileReference section */

/* Begin PBXFrameworksBuildPhase section */
		D5B37C151D68E431002009DB /* Frameworks */ = {
			isa = PBXFrameworksBuildPhase;
			buildActionMask = 2147483647;
			files = (
				09FAC0CD1DA3CE4F00477344 /* CoreLocation.framework in Frameworks */,
				09FAC0CB1DA3CE2200477344 /* AudioToolbox.framework in Frameworks */,
				09FAC0C91DA3CE1B00477344 /* CFNetwork.framework in Frameworks */,
				09FAC0C61DA3CAF600477344 /* StoreKit.framework in Frameworks */,
				09FAC0C41DA3CAED00477344 /* QuartzCore.framework in Frameworks */,
				09FAC0C21DA3CAE400477344 /* SystemConfiguration.framework in Frameworks */,
				09FAC0C01DA3CAD300477344 /* libsqlite3.tbd in Frameworks */,
				09FAC0BE1DA3CAC500477344 /* libz.tbd in Frameworks */,
				09FAC0BA1DA3CA9800477344 /* Parse.framework in Frameworks */,
				09FAC0B91DA3CA9800477344 /* Bolts.framework in Frameworks */,
				09FAC0BC1DA3CA9800477344 /* ParseFacebookUtilsV4.framework in Frameworks */,
				09FAC0BB1DA3CA9800477344 /* ParseFacebookUtils.framework in Frameworks */,
			);
			runOnlyForDeploymentPostprocessing = 0;
		};
/* End PBXFrameworksBuildPhase section */

/* Begin PBXGroup section */
		09FAC0A81DA3A00400477344 /* QUIZ_VC */ = {
			isa = PBXGroup;
			children = (
				D55677471D69CA1E00A35C0E /* SYBCollectionViewCell.swift */,
				D556774B1D69D9D800A35C0E /* SYBQuizsViewController.swift */,
			);
			name = QUIZ_VC;
			sourceTree = "<group>";
		};
		09FAC0A91DA3A02200477344 /* APRENDE_VC */ = {
			isa = PBXGroup;
			children = (
				0906A68D1D9BDADD0039F55D /* AprendeSimbolosTableViewCell.swift */,
				0906A68E1D9BDADD0039F55D /* AprendeSimbolosTableViewCell.xib */,
				0906A6911D9BE09A0039F55D /* AprendeSimbolosViewController.swift */,
			);
			name = APRENDE_VC;
			sourceTree = "<group>";
		};
		09FAC0AE1DA3A0B300477344 /* LOGIN_REGISTRO_VC */ = {
			isa = PBXGroup;
			children = (
				09FAC0AC1DA3A0A600477344 /* SYBRegistroNuevoUsuarioViewController.swift */,
				09FAC0AA1DA3A05A00477344 /* SYBLoginViewController.swift */,
			);
			name = LOGIN_REGISTRO_VC;
			sourceTree = "<group>";
		};
		09FAC0C71DA3CB4700477344 /* PARSE_FRAMEWORK */ = {
			isa = PBXGroup;
			children = (
				09FAC0B51DA3CA9800477344 /* Bolts.framework */,
				09FAC0B61DA3CA9800477344 /* Parse.framework */,
				09FAC0B71DA3CA9800477344 /* ParseFacebookUtils.framework */,
				09FAC0B81DA3CA9800477344 /* ParseFacebookUtilsV4.framework */,
			);
			name = PARSE_FRAMEWORK;
			sourceTree = "<group>";
		};
		D5B2F6211D92E17D008DF8A3 /* IMAGENES */ = {
			isa = PBXGroup;
			children = (
				09FAC0B31DA3C16C00477344 /* fondo.png */,
				09FAC0B11DA3BE8100477344 /* iconoMapa.png */,
				09FAC0AF1DA3BC3700477344 /* profileDefault.png */,
				D5B2F62F1D930BCD008DF8A3 /* checkKO.png */,
				D5B2F62D1D92EC60008DF8A3 /* checkOK.png */,
				D5B2F6221D92E187008DF8A3 /* SIMBOLOS_MAPA */,
			);
			name = IMAGENES;
			sourceTree = "<group>";
		};
		D5B2F6221D92E187008DF8A3 /* SIMBOLOS_MAPA */ = {
			isa = PBXGroup;
			children = (
				D5B2F6231D92E1A7008DF8A3 /* simbolo0.png */,
				D5B2F6241D92E1A7008DF8A3 /* simbolo1.png */,
				D5B2F6251D92E1A7008DF8A3 /* simbolo2.png */,
				D5B2F6261D92E1A7008DF8A3 /* simbolo3.png */,
				D5B2F6271D92E1A7008DF8A3 /* simbolo4.png */,
			);
			name = SIMBOLOS_MAPA;
			sourceTree = "<group>";
		};
		D5B37C0F1D68E431002009DB = {
			isa = PBXGroup;
			children = (
				09FAC0CC1DA3CE4F00477344 /* CoreLocation.framework */,
				09FAC0CA1DA3CE2200477344 /* AudioToolbox.framework */,
				09FAC0C81DA3CE1B00477344 /* CFNetwork.framework */,
				09FAC0C51DA3CAF600477344 /* StoreKit.framework */,
				09FAC0C31DA3CAED00477344 /* QuartzCore.framework */,
				09FAC0C11DA3CAE400477344 /* SystemConfiguration.framework */,
				09FAC0BF1DA3CAD300477344 /* libsqlite3.tbd */,
				09FAC0BD1DA3CAC500477344 /* libz.tbd */,
				D5B37C1A1D68E431002009DB /* OrienteeringQuiz */,
				D5B37C191D68E431002009DB /* Products */,
			);
			sourceTree = "<group>";
		};
		D5B37C191D68E431002009DB /* Products */ = {
			isa = PBXGroup;
			children = (
				D5B37C181D68E431002009DB /* OrienteeringQuiz.app */,
			);
			name = Products;
			sourceTree = "<group>";
		};
		D5B37C1A1D68E431002009DB /* OrienteeringQuiz */ = {
			isa = PBXGroup;
			children = (
				09FAC0C71DA3CB4700477344 /* PARSE_FRAMEWORK */,
				D5B37C1B1D68E431002009DB /* AppDelegate.swift */,
				09FAC0AE1DA3A0B300477344 /* LOGIN_REGISTRO_VC */,
				D5B2F6211D92E17D008DF8A3 /* IMAGENES */,
				09FAC0A81DA3A00400477344 /* QUIZ_VC */,
				09FAC0A91DA3A02200477344 /* APRENDE_VC */,
				D5B2F6331D93182D008DF8A3 /* SYBMenuViewController.swift */,
				D5B37C1F1D68E431002009DB /* Main.storyboard */,
				D5B37C221D68E432002009DB /* Assets.xcassets */,
				D5B37C241D68E432002009DB /* LaunchScreen.storyboard */,
				D5B37C271D68E432002009DB /* Info.plist */,
				D5B2F61F1D92E069008DF8A3 /* SimbolosDescripcion.plist */,
			);
			path = OrienteeringQuiz;
			sourceTree = "<group>";
		};
/* End PBXGroup section */

/* Begin PBXNativeTarget section */
		D5B37C171D68E431002009DB /* OrienteeringQuiz */ = {
			isa = PBXNativeTarget;
			buildConfigurationList = D5B37C2A1D68E432002009DB /* Build configuration list for PBXNativeTarget "OrienteeringQuiz" */;
			buildPhases = (
				D5B37C141D68E431002009DB /* Sources */,
				D5B37C151D68E431002009DB /* Frameworks */,
				D5B37C161D68E431002009DB /* Resources */,
			);
			buildRules = (
			);
			dependencies = (
			);
			name = OrienteeringQuiz;
			productName = OrienteeringQuiz;
			productReference = D5B37C181D68E431002009DB /* OrienteeringQuiz.app */;
			productType = "com.apple.product-type.application";
		};
/* End PBXNativeTarget section */

/* Begin PBXProject section */
		D5B37C101D68E431002009DB /* Project object */ = {
			isa = PBXProject;
			attributes = {
				LastSwiftUpdateCheck = 0730;
				LastUpgradeCheck = 0730;
				ORGANIZATIONNAME = Symbel;
				TargetAttributes = {
					D5B37C171D68E431002009DB = {
						CreatedOnToolsVersion = 7.3.1;
						DevelopmentTeam = JJRB8HR957;
						LastSwiftMigration = 0810;
					};
				};
			};
			buildConfigurationList = D5B37C131D68E431002009DB /* Build configuration list for PBXProject "OrienteeringQuiz" */;
			compatibilityVersion = "Xcode 3.2";
			developmentRegion = English;
			hasScannedForEncodings = 0;
			knownRegions = (
				en,
				Base,
			);
			mainGroup = D5B37C0F1D68E431002009DB;
			productRefGroup = D5B37C191D68E431002009DB /* Products */;
			projectDirPath = "";
			projectRoot = "";
			targets = (
				D5B37C171D68E431002009DB /* OrienteeringQuiz */,
			);
		};
/* End PBXProject section */

/* Begin PBXResourcesBuildPhase section */
		D5B37C161D68E431002009DB /* Resources */ = {
			isa = PBXResourcesBuildPhase;
			buildActionMask = 2147483647;
			files = (
				D5B2F62B1D92E1A7008DF8A3 /* simbolo3.png in Resources */,
				0906A6901D9BDADD0039F55D /* AprendeSimbolosTableViewCell.xib in Resources */,
				D5B37C261D68E432002009DB /* LaunchScreen.storyboard in Resources */,
				D5B37C231D68E432002009DB /* Assets.xcassets in Resources */,
				09FAC0B01DA3BC3700477344 /* profileDefault.png in Resources */,
				D5B2F6291D92E1A7008DF8A3 /* simbolo1.png in Resources */,
				D5B2F62E1D92EC60008DF8A3 /* checkOK.png in Resources */,
				D5B37C211D68E431002009DB /* Main.storyboard in Resources */,
				D5B2F6201D92E069008DF8A3 /* SimbolosDescripcion.plist in Resources */,
				09FAC0B41DA3C16C00477344 /* fondo.png in Resources */,
				D5B2F6281D92E1A7008DF8A3 /* simbolo0.png in Resources */,
				09FAC0B21DA3BE8100477344 /* iconoMapa.png in Resources */,
				D5B2F62A1D92E1A7008DF8A3 /* simbolo2.png in Resources */,
				D5B2F6301D930BCD008DF8A3 /* checkKO.png in Resources */,
				D5B2F62C1D92E1A7008DF8A3 /* simbolo4.png in Resources */,
			);
			runOnlyForDeploymentPostprocessing = 0;
		};
/* End PBXResourcesBuildPhase section */

/* Begin PBXSourcesBuildPhase section */
		D5B37C141D68E431002009DB /* Sources */ = {
			isa = PBXSourcesBuildPhase;
			buildActionMask = 2147483647;
			files = (
				09FAC0AB1DA3A05A00477344 /* SYBLoginViewController.swift in Sources */,
				D5B2F6341D93182D008DF8A3 /* SYBMenuViewController.swift in Sources */,
				D55677481D69CA1E00A35C0E /* SYBCollectionViewCell.swift in Sources */,
				0906A6921D9BE09A0039F55D /* AprendeSimbolosViewController.swift in Sources */,
				D556774C1D69D9D800A35C0E /* SYBQuizsViewController.swift in Sources */,
				D5B37C1C1D68E431002009DB /* AppDelegate.swift in Sources */,
				0906A68F1D9BDADD0039F55D /* AprendeSimbolosTableViewCell.swift in Sources */,
				09FAC0AD1DA3A0A600477344 /* SYBRegistroNuevoUsuarioViewController.swift in Sources */,
			);
			runOnlyForDeploymentPostprocessing = 0;
		};
/* End PBXSourcesBuildPhase section */

/* Begin PBXVariantGroup section */
		D5B37C1F1D68E431002009DB /* Main.storyboard */ = {
			isa = PBXVariantGroup;
			children = (
				D5B37C201D68E431002009DB /* Base */,
			);
			name = Main.storyboard;
			sourceTree = "<group>";
		};
		D5B37C241D68E432002009DB /* LaunchScreen.storyboard */ = {
			isa = PBXVariantGroup;
			children = (
				D5B37C251D68E432002009DB /* Base */,
			);
			name = LaunchScreen.storyboard;
			sourceTree = "<group>";
		};
/* End PBXVariantGroup section */

/* Begin XCBuildConfiguration section */
		D5B37C281D68E432002009DB /* Debug */ = {
			isa = XCBuildConfiguration;
			buildSettings = {
				ALWAYS_SEARCH_USER_PATHS = NO;
				CLANG_ANALYZER_NONNULL = YES;
				CLANG_CXX_LANGUAGE_STANDARD = "gnu++0x";
				CLANG_CXX_LIBRARY = "libc++";
				CLANG_ENABLE_MODULES = YES;
				CLANG_ENABLE_OBJC_ARC = YES;
				CLANG_WARN_BOOL_CONVERSION = YES;
				CLANG_WARN_CONSTANT_CONVERSION = YES;
				CLANG_WARN_DIRECT_OBJC_ISA_USAGE = YES_ERROR;
				CLANG_WARN_EMPTY_BODY = YES;
				CLANG_WARN_ENUM_CONVERSION = YES;
				CLANG_WARN_INT_CONVERSION = YES;
				CLANG_WARN_OBJC_ROOT_CLASS = YES_ERROR;
				CLANG_WARN_UNREACHABLE_CODE = YES;
				CLANG_WARN__DUPLICATE_METHOD_MATCH = YES;
				"CODE_SIGN_IDENTITY[sdk=iphoneos*]" = "iPhone Developer";
				COPY_PHASE_STRIP = NO;
				DEBUG_INFORMATION_FORMAT = dwarf;
				ENABLE_STRICT_OBJC_MSGSEND = YES;
				ENABLE_TESTABILITY = YES;
				GCC_C_LANGUAGE_STANDARD = gnu99;
				GCC_DYNAMIC_NO_PIC = NO;
				GCC_NO_COMMON_BLOCKS = YES;
				GCC_OPTIMIZATION_LEVEL = 0;
				GCC_PREPROCESSOR_DEFINITIONS = (
					"DEBUG=1",
					"$(inherited)",
				);
				GCC_WARN_64_TO_32_BIT_CONVERSION = YES;
				GCC_WARN_ABOUT_RETURN_TYPE = YES_ERROR;
				GCC_WARN_UNDECLARED_SELECTOR = YES;
				GCC_WARN_UNINITIALIZED_AUTOS = YES_AGGRESSIVE;
				GCC_WARN_UNUSED_FUNCTION = YES;
				GCC_WARN_UNUSED_VARIABLE = YES;
				IPHONEOS_DEPLOYMENT_TARGET = 9.3;
				MTL_ENABLE_DEBUG_INFO = YES;
				ONLY_ACTIVE_ARCH = YES;
				SDKROOT = iphoneos;
				SWIFT_OPTIMIZATION_LEVEL = "-Onone";
			};
			name = Debug;
		};
		D5B37C291D68E432002009DB /* Release */ = {
			isa = XCBuildConfiguration;
			buildSettings = {
				ALWAYS_SEARCH_USER_PATHS = NO;
				CLANG_ANALYZER_NONNULL = YES;
				CLANG_CXX_LANGUAGE_STANDARD = "gnu++0x";
				CLANG_CXX_LIBRARY = "libc++";
				CLANG_ENABLE_MODULES = YES;
				CLANG_ENABLE_OBJC_ARC = YES;
				CLANG_WARN_BOOL_CONVERSION = YES;
				CLANG_WARN_CONSTANT_CONVERSION = YES;
				CLANG_WARN_DIRECT_OBJC_ISA_USAGE = YES_ERROR;
				CLANG_WARN_EMPTY_BODY = YES;
				CLANG_WARN_ENUM_CONVERSION = YES;
				CLANG_WARN_INT_CONVERSION = YES;
				CLANG_WARN_OBJC_ROOT_CLASS = YES_ERROR;
				CLANG_WARN_UNREACHABLE_CODE = YES;
				CLANG_WARN__DUPLICATE_METHOD_MATCH = YES;
				"CODE_SIGN_IDENTITY[sdk=iphoneos*]" = "iPhone Developer";
				COPY_PHASE_STRIP = NO;
				DEBUG_INFORMATION_FORMAT = "dwarf-with-dsym";
				ENABLE_NS_ASSERTIONS = NO;
				ENABLE_STRICT_OBJC_MSGSEND = YES;
				GCC_C_LANGUAGE_STANDARD = gnu99;
				GCC_NO_COMMON_BLOCKS = YES;
				GCC_WARN_64_TO_32_BIT_CONVERSION = YES;
				GCC_WARN_ABOUT_RETURN_TYPE = YES_ERROR;
				GCC_WARN_UNDECLARED_SELECTOR = YES;
				GCC_WARN_UNINITIALIZED_AUTOS = YES_AGGRESSIVE;
				GCC_WARN_UNUSED_FUNCTION = YES;
				GCC_WARN_UNUSED_VARIABLE = YES;
				IPHONEOS_DEPLOYMENT_TARGET = 9.3;
				MTL_ENABLE_DEBUG_INFO = NO;
				SDKROOT = iphoneos;
				VALIDATE_PRODUCT = YES;
			};
			name = Release;
		};
		D5B37C2B1D68E432002009DB /* Debug */ = {
			isa = XCBuildConfiguration;
			buildSettings = {
				ASSETCATALOG_COMPILER_APPICON_NAME = AppIcon;
				CODE_SIGN_IDENTITY = "iPhone Developer";
				DEVELOPMENT_TEAM = JJRB8HR957;
				FRAMEWORK_SEARCH_PATHS = (
					"$(inherited)",
					"$(PROJECT_DIR)/OrienteeringQuiz",
				);
				INFOPLIST_FILE = OrienteeringQuiz/Info.plist;
				IPHONEOS_DEPLOYMENT_TARGET = 9.3;
				LD_RUNPATH_SEARCH_PATHS = "$(inherited) @executable_path/Frameworks";
				PRODUCT_BUNDLE_IDENTIFIER = "es-symbel.OrienteeringQuiz";
				PRODUCT_NAME = "$(TARGET_NAME)";
				SWIFT_VERSION = 3.0;
			};
			name = Debug;
		};
		D5B37C2C1D68E432002009DB /* Release */ = {
			isa = XCBuildConfiguration;
			buildSettings = {
				ASSETCATALOG_COMPILER_APPICON_NAME = AppIcon;
				CODE_SIGN_IDENTITY = "iPhone Developer";
				DEVELOPMENT_TEAM = JJRB8HR957;
				FRAMEWORK_SEARCH_PATHS = (
					"$(inherited)",
					"$(PROJECT_DIR)/OrienteeringQuiz",
				);
				INFOPLIST_FILE = OrienteeringQuiz/Info.plist;
				IPHONEOS_DEPLOYMENT_TARGET = 9.3;
				LD_RUNPATH_SEARCH_PATHS = "$(inherited) @executable_path/Frameworks";
				PRODUCT_BUNDLE_IDENTIFIER = "es-symbel.OrienteeringQuiz";
				PRODUCT_NAME = "$(TARGET_NAME)";
				SWIFT_VERSION = 3.0;
			};
			name = Release;
		};
/* End XCBuildConfiguration section */

/* Begin XCConfigurationList section */
		D5B37C131D68E431002009DB /* Build configuration list for PBXProject "OrienteeringQuiz" */ = {
			isa = XCConfigurationList;
			buildConfigurations = (
				D5B37C281D68E432002009DB /* Debug */,
				D5B37C291D68E432002009DB /* Release */,
			);
			defaultConfigurationIsVisible = 0;
			defaultConfigurationName = Release;
		};
		D5B37C2A1D68E432002009DB /* Build configuration list for PBXNativeTarget "OrienteeringQuiz" */ = {
			isa = XCConfigurationList;
			buildConfigurations = (
				D5B37C2B1D68E432002009DB /* Debug */,
				D5B37C2C1D68E432002009DB /* Release */,
			);
			defaultConfigurationIsVisible = 0;
			defaultConfigurationName = Release;
		};
/* End XCConfigurationList section */
	};
	rootObject = D5B37C101D68E431002009DB /* Project object */;
}
