// !$*UTF8*$!
{
	archiveVersion = 1;
	classes = {
	};
	objectVersion = 46;
	objects = {

/* Begin PBXBuildFile section */
		09FAC0B01DA3BC3700477344 /* profileDefault.png in Resources */ = {isa = PBXBuildFile; fileRef = 09FAC0AF1DA3BC3700477344 /* profileDefault.png */; };
		09FAC0B21DA3BE8100477344 /* iconoMapa.png in Resources */ = {isa = PBXBuildFile; fileRef = 09FAC0B11DA3BE8100477344 /* iconoMapa.png */; };
		09FAC0B91DA3CA9800477344 /* Bolts.framework in Frameworks */ = {isa = PBXBuildFile; fileRef = 09FAC0B51DA3CA9800477344 /* Bolts.framework */; };
		09FAC0BA1DA3CA9800477344 /* Parse.framework in Frameworks */ = {isa = PBXBuildFile; fileRef = 09FAC0B61DA3CA9800477344 /* Parse.framework */; };
		09FAC0BB1DA3CA9800477344 /* ParseFacebookUtils.framework in Frameworks */ = {isa = PBXBuildFile; fileRef = 09FAC0B71DA3CA9800477344 /* ParseFacebookUtils.framework */; };
		09FAC0BC1DA3CA9800477344 /* ParseFacebookUtilsV4.framework in Frameworks */ = {isa = PBXBuildFile; fileRef = 09FAC0B81DA3CA9800477344 /* ParseFacebookUtilsV4.framework */; };
		09FAC0BE1DA3CAC500477344 /* libz.tbd in Frameworks */ = {isa = PBXBuildFile; fileRef = 09FAC0BD1DA3CAC500477344 /* libz.tbd */; };
		09FAC0C01DA3CAD300477344 /* libsqlite3.tbd in Frameworks */ = {isa = PBXBuildFile; fileRef = 09FAC0BF1DA3CAD300477344 /* libsqlite3.tbd */; };
		09FAC0C21DA3CAE400477344 /* SystemConfiguration.framework in Frameworks */ = {isa = PBXBuildFile; fileRef = 09FAC0C11DA3CAE400477344 /* SystemConfiguration.framework */; };
		09FAC0C41DA3CAED00477344 /* QuartzCore.framework in Frameworks */ = {isa = PBXBuildFile; fileRef = 09FAC0C31DA3CAED00477344 /* QuartzCore.framework */; };
		09FAC0C61DA3CAF600477344 /* StoreKit.framework in Frameworks */ = {isa = PBXBuildFile; fileRef = 09FAC0C51DA3CAF600477344 /* StoreKit.framework */; };
		09FAC0C91DA3CE1B00477344 /* CFNetwork.framework in Frameworks */ = {isa = PBXBuildFile; fileRef = 09FAC0C81DA3CE1B00477344 /* CFNetwork.framework */; };
		09FAC0CB1DA3CE2200477344 /* AudioToolbox.framework in Frameworks */ = {isa = PBXBuildFile; fileRef = 09FAC0CA1DA3CE2200477344 /* AudioToolbox.framework */; };
		09FAC0CD1DA3CE4F00477344 /* CoreLocation.framework in Frameworks */ = {isa = PBXBuildFile; fileRef = 09FAC0CC1DA3CE4F00477344 /* CoreLocation.framework */; };
		6F9D96B75D85412C7ED32B64 /* Pods_OrienteeringQuiz.framework in Frameworks */ = {isa = PBXBuildFile; fileRef = 777E669F9C09F68568D1A29C /* Pods_OrienteeringQuiz.framework */; };
		D50137001E2A471300A3F8D6 /* simbolosModelo.swift in Sources */ = {isa = PBXBuildFile; fileRef = D50136FF1E2A471300A3F8D6 /* simbolosModelo.swift */; };
		D51A7EEB1E3DF7460016DBD0 /* RankingTableViewCell.swift in Sources */ = {isa = PBXBuildFile; fileRef = D51A7EEA1E3DF7460016DBD0 /* RankingTableViewCell.swift */; };
		D51A7EED1E3DFE510016DBD0 /* clasificacionModelo.swift in Sources */ = {isa = PBXBuildFile; fileRef = D51A7EEC1E3DFE510016DBD0 /* clasificacionModelo.swift */; };
		D545A5501E342F2900371078 /* menuLateralViewController.swift in Sources */ = {isa = PBXBuildFile; fileRef = D545A54F1E342F2900371078 /* menuLateralViewController.swift */; };
		D55677481D69CA1E00A35C0E /* SYBCollectionViewCell.swift in Sources */ = {isa = PBXBuildFile; fileRef = D55677471D69CA1E00A35C0E /* SYBCollectionViewCell.swift */; };
		D556774C1D69D9D800A35C0E /* SYBQuizsViewController.swift in Sources */ = {isa = PBXBuildFile; fileRef = D556774B1D69D9D800A35C0E /* SYBQuizsViewController.swift */; };
		D5B210F71E3513E40072442F /* AprendeSimbolosTableViewCell.swift in Sources */ = {isa = PBXBuildFile; fileRef = D5B210F41E3513E40072442F /* AprendeSimbolosTableViewCell.swift */; };
		D5B210F81E3513E40072442F /* AprendeSimbolosTableViewCell.xib in Resources */ = {isa = PBXBuildFile; fileRef = D5B210F51E3513E40072442F /* AprendeSimbolosTableViewCell.xib */; };
		D5B210F91E3513E40072442F /* AprendeSimbolosViewController.swift in Sources */ = {isa = PBXBuildFile; fileRef = D5B210F61E3513E40072442F /* AprendeSimbolosViewController.swift */; };
		D5B210FD1E3514910072442F /* SYBMenuViewController.swift in Sources */ = {isa = PBXBuildFile; fileRef = D5B210FC1E3514910072442F /* SYBMenuViewController.swift */; };
		D5B211001E3514B20072442F /* SYBLoginViewController.swift in Sources */ = {isa = PBXBuildFile; fileRef = D5B210FE1E3514B20072442F /* SYBLoginViewController.swift */; };
		D5B211011E3514B20072442F /* SYBRegistroNuevoUsuarioViewController.swift in Sources */ = {isa = PBXBuildFile; fileRef = D5B210FF1E3514B20072442F /* SYBRegistroNuevoUsuarioViewController.swift */; };
		D5B2F62E1D92EC60008DF8A3 /* checkOK.png in Resources */ = {isa = PBXBuildFile; fileRef = D5B2F62D1D92EC60008DF8A3 /* checkOK.png */; };
		D5B2F6301D930BCD008DF8A3 /* checkKO.png in Resources */ = {isa = PBXBuildFile; fileRef = D5B2F62F1D930BCD008DF8A3 /* checkKO.png */; };
		D5B37C1C1D68E431002009DB /* AppDelegate.swift in Sources */ = {isa = PBXBuildFile; fileRef = D5B37C1B1D68E431002009DB /* AppDelegate.swift */; };
		D5B37C211D68E431002009DB /* Main.storyboard in Resources */ = {isa = PBXBuildFile; fileRef = D5B37C1F1D68E431002009DB /* Main.storyboard */; };
		D5B37C231D68E432002009DB /* Assets.xcassets in Resources */ = {isa = PBXBuildFile; fileRef = D5B37C221D68E432002009DB /* Assets.xcassets */; };
		D5B37C261D68E432002009DB /* LaunchScreen.storyboard in Resources */ = {isa = PBXBuildFile; fileRef = D5B37C241D68E432002009DB /* LaunchScreen.storyboard */; };
		D5BC206A1E33D6CA00F4203C /* Localizable.strings in Resources */ = {isa = PBXBuildFile; fileRef = D5BC206C1E33D6CA00F4203C /* Localizable.strings */; };
		D5BC20731E34035E00F4203C /* MenuCell.swift in Sources */ = {isa = PBXBuildFile; fileRef = D5BC20721E34035E00F4203C /* MenuCell.swift */; };
		D5BC20771E3403B800F4203C /* SWRevealViewController.m in Sources */ = {isa = PBXBuildFile; fileRef = D5BC20761E3403B800F4203C /* SWRevealViewController.m */; };
		D5BC20791E34097900F4203C /* Podfile in Resources */ = {isa = PBXBuildFile; fileRef = D5BC20781E34097900F4203C /* Podfile */; };
		D5DFC34F1E3D004C0090BD19 /* RankingTableViewController.swift in Sources */ = {isa = PBXBuildFile; fileRef = D5DFC34D1E3D004C0090BD19 /* RankingTableViewController.swift */; };
/* End PBXBuildFile section */

/* Begin PBXFileReference section */
		09FAC0AF1DA3BC3700477344 /* profileDefault.png */ = {isa = PBXFileReference; lastKnownFileType = image.png; path = profileDefault.png; sourceTree = "<group>"; };
		09FAC0B11DA3BE8100477344 /* iconoMapa.png */ = {isa = PBXFileReference; lastKnownFileType = image.png; path = iconoMapa.png; sourceTree = "<group>"; };
		09FAC0B51DA3CA9800477344 /* Bolts.framework */ = {isa = PBXFileReference; lastKnownFileType = wrapper.framework; path = Bolts.framework; sourceTree = "<group>"; };
		09FAC0B61DA3CA9800477344 /* Parse.framework */ = {isa = PBXFileReference; lastKnownFileType = wrapper.framework; path = Parse.framework; sourceTree = "<group>"; };
		09FAC0B71DA3CA9800477344 /* ParseFacebookUtils.framework */ = {isa = PBXFileReference; lastKnownFileType = wrapper.framework; path = ParseFacebookUtils.framework; sourceTree = "<group>"; };
		09FAC0B81DA3CA9800477344 /* ParseFacebookUtilsV4.framework */ = {isa = PBXFileReference; lastKnownFileType = wrapper.framework; path = ParseFacebookUtilsV4.framework; sourceTree = "<group>"; };
		09FAC0BD1DA3CAC500477344 /* libz.tbd */ = {isa = PBXFileReference; lastKnownFileType = "sourcecode.text-based-dylib-definition"; name = libz.tbd; path = usr/lib/libz.tbd; sourceTree = SDKROOT; };
		09FAC0BF1DA3CAD300477344 /* libsqlite3.tbd */ = {isa = PBXFileReference; lastKnownFileType = "sourcecode.text-based-dylib-definition"; name = libsqlite3.tbd; path = usr/lib/libsqlite3.tbd; sourceTree = SDKROOT; };
		09FAC0C11DA3CAE400477344 /* SystemConfiguration.framework */ = {isa = PBXFileReference; lastKnownFileType = wrapper.framework; name = SystemConfiguration.framework; path = System/Library/Frameworks/SystemConfiguration.framework; sourceTree = SDKROOT; };
		09FAC0C31DA3CAED00477344 /* QuartzCore.framework */ = {isa = PBXFileReference; lastKnownFileType = wrapper.framework; name = QuartzCore.framework; path = System/Library/Frameworks/QuartzCore.framework; sourceTree = SDKROOT; };
		09FAC0C51DA3CAF600477344 /* StoreKit.framework */ = {isa = PBXFileReference; lastKnownFileType = wrapper.framework; name = StoreKit.framework; path = System/Library/Frameworks/StoreKit.framework; sourceTree = SDKROOT; };
		09FAC0C81DA3CE1B00477344 /* CFNetwork.framework */ = {isa = PBXFileReference; lastKnownFileType = wrapper.framework; name = CFNetwork.framework; path = System/Library/Frameworks/CFNetwork.framework; sourceTree = SDKROOT; };
		09FAC0CA1DA3CE2200477344 /* AudioToolbox.framework */ = {isa = PBXFileReference; lastKnownFileType = wrapper.framework; name = AudioToolbox.framework; path = System/Library/Frameworks/AudioToolbox.framework; sourceTree = SDKROOT; };
		09FAC0CC1DA3CE4F00477344 /* CoreLocation.framework */ = {isa = PBXFileReference; lastKnownFileType = wrapper.framework; name = CoreLocation.framework; path = System/Library/Frameworks/CoreLocation.framework; sourceTree = SDKROOT; };
		30280A03230CE5ABDB1866BF /* Pods-OrienteeringQuiz.debug.xcconfig */ = {isa = PBXFileReference; includeInIndex = 1; lastKnownFileType = text.xcconfig; name = "Pods-OrienteeringQuiz.debug.xcconfig"; path = "Pods/Target Support Files/Pods-OrienteeringQuiz/Pods-OrienteeringQuiz.debug.xcconfig"; sourceTree = "<group>"; };
		777E669F9C09F68568D1A29C /* Pods_OrienteeringQuiz.framework */ = {isa = PBXFileReference; explicitFileType = wrapper.framework; includeInIndex = 0; path = Pods_OrienteeringQuiz.framework; sourceTree = BUILT_PRODUCTS_DIR; };
		CCB4C95CFBA217FCF0D5558D /* Pods-OrienteeringQuiz.release.xcconfig */ = {isa = PBXFileReference; includeInIndex = 1; lastKnownFileType = text.xcconfig; name = "Pods-OrienteeringQuiz.release.xcconfig"; path = "Pods/Target Support Files/Pods-OrienteeringQuiz/Pods-OrienteeringQuiz.release.xcconfig"; sourceTree = "<group>"; };
		D50136FF1E2A471300A3F8D6 /* simbolosModelo.swift */ = {isa = PBXFileReference; fileEncoding = 4; lastKnownFileType = sourcecode.swift; path = simbolosModelo.swift; sourceTree = "<group>"; };
		D51A7EEA1E3DF7460016DBD0 /* RankingTableViewCell.swift */ = {isa = PBXFileReference; fileEncoding = 4; lastKnownFileType = sourcecode.swift; path = RankingTableViewCell.swift; sourceTree = "<group>"; };
		D51A7EEC1E3DFE510016DBD0 /* clasificacionModelo.swift */ = {isa = PBXFileReference; fileEncoding = 4; lastKnownFileType = sourcecode.swift; path = clasificacionModelo.swift; sourceTree = "<group>"; };
		D545A54F1E342F2900371078 /* menuLateralViewController.swift */ = {isa = PBXFileReference; fileEncoding = 4; lastKnownFileType = sourcecode.swift; path = menuLateralViewController.swift; sourceTree = "<group>"; };
		D55677471D69CA1E00A35C0E /* SYBCollectionViewCell.swift */ = {isa = PBXFileReference; fileEncoding = 4; lastKnownFileType = sourcecode.swift; path = SYBCollectionViewCell.swift; sourceTree = "<group>"; };
		D556774B1D69D9D800A35C0E /* SYBQuizsViewController.swift */ = {isa = PBXFileReference; fileEncoding = 4; lastKnownFileType = sourcecode.swift; path = SYBQuizsViewController.swift; sourceTree = "<group>"; };
		D5B210F41E3513E40072442F /* AprendeSimbolosTableViewCell.swift */ = {isa = PBXFileReference; fileEncoding = 4; lastKnownFileType = sourcecode.swift; path = AprendeSimbolosTableViewCell.swift; sourceTree = "<group>"; };
		D5B210F51E3513E40072442F /* AprendeSimbolosTableViewCell.xib */ = {isa = PBXFileReference; fileEncoding = 4; lastKnownFileType = file.xib; path = AprendeSimbolosTableViewCell.xib; sourceTree = "<group>"; };
		D5B210F61E3513E40072442F /* AprendeSimbolosViewController.swift */ = {isa = PBXFileReference; fileEncoding = 4; lastKnownFileType = sourcecode.swift; path = AprendeSimbolosViewController.swift; sourceTree = "<group>"; };
		D5B210FC1E3514910072442F /* SYBMenuViewController.swift */ = {isa = PBXFileReference; fileEncoding = 4; lastKnownFileType = sourcecode.swift; path = SYBMenuViewController.swift; sourceTree = "<group>"; };
		D5B210FE1E3514B20072442F /* SYBLoginViewController.swift */ = {isa = PBXFileReference; fileEncoding = 4; lastKnownFileType = sourcecode.swift; path = SYBLoginViewController.swift; sourceTree = "<group>"; };
		D5B210FF1E3514B20072442F /* SYBRegistroNuevoUsuarioViewController.swift */ = {isa = PBXFileReference; fileEncoding = 4; lastKnownFileType = sourcecode.swift; path = SYBRegistroNuevoUsuarioViewController.swift; sourceTree = "<group>"; };
		D5B2F62D1D92EC60008DF8A3 /* checkOK.png */ = {isa = PBXFileReference; lastKnownFileType = image.png; path = checkOK.png; sourceTree = "<group>"; };
		D5B2F62F1D930BCD008DF8A3 /* checkKO.png */ = {isa = PBXFileReference; lastKnownFileType = image.png; path = checkKO.png; sourceTree = "<group>"; };
		D5B37C181D68E431002009DB /* OrienteeringQuiz.app */ = {isa = PBXFileReference; explicitFileType = wrapper.application; includeInIndex = 0; path = OrienteeringQuiz.app; sourceTree = BUILT_PRODUCTS_DIR; };
		D5B37C1B1D68E431002009DB /* AppDelegate.swift */ = {isa = PBXFileReference; lastKnownFileType = sourcecode.swift; path = AppDelegate.swift; sourceTree = "<group>"; };
		D5B37C201D68E431002009DB /* Base */ = {isa = PBXFileReference; lastKnownFileType = file.storyboard; name = Base; path = Base.lproj/Main.storyboard; sourceTree = "<group>"; };
		D5B37C221D68E432002009DB /* Assets.xcassets */ = {isa = PBXFileReference; lastKnownFileType = folder.assetcatalog; path = Assets.xcassets; sourceTree = "<group>"; };
		D5B37C251D68E432002009DB /* Base */ = {isa = PBXFileReference; lastKnownFileType = file.storyboard; name = Base; path = Base.lproj/LaunchScreen.storyboard; sourceTree = "<group>"; };
		D5B37C271D68E432002009DB /* Info.plist */ = {isa = PBXFileReference; lastKnownFileType = text.plist.xml; path = Info.plist; sourceTree = "<group>"; };
		D5BC206B1E33D6CA00F4203C /* en */ = {isa = PBXFileReference; lastKnownFileType = text.plist.strings; name = en; path = en.lproj/Localizable.strings; sourceTree = "<group>"; };
		D5BC20721E34035E00F4203C /* MenuCell.swift */ = {isa = PBXFileReference; fileEncoding = 4; lastKnownFileType = sourcecode.swift; path = MenuCell.swift; sourceTree = "<group>"; };
		D5BC20741E3403B700F4203C /* OrienteeringQuiz-Bridging-Header.h */ = {isa = PBXFileReference; lastKnownFileType = sourcecode.c.h; path = "OrienteeringQuiz-Bridging-Header.h"; sourceTree = "<group>"; };
		D5BC20751E3403B800F4203C /* SWRevealViewController.h */ = {isa = PBXFileReference; fileEncoding = 4; lastKnownFileType = sourcecode.c.h; path = SWRevealViewController.h; sourceTree = "<group>"; };
		D5BC20761E3403B800F4203C /* SWRevealViewController.m */ = {isa = PBXFileReference; fileEncoding = 4; lastKnownFileType = sourcecode.c.objc; path = SWRevealViewController.m; sourceTree = "<group>"; };
		D5BC20781E34097900F4203C /* Podfile */ = {isa = PBXFileReference; fileEncoding = 4; lastKnownFileType = text; path = Podfile; sourceTree = "<group>"; };
		D5DFC34D1E3D004C0090BD19 /* RankingTableViewController.swift */ = {isa = PBXFileReference; fileEncoding = 4; lastKnownFileType = sourcecode.swift; path = RankingTableViewController.swift; sourceTree = "<group>"; };
/* End PBXFileReference section */

/* Begin PBXFrameworksBuildPhase section */
		D5B37C151D68E431002009DB /* Frameworks */ = {
			isa = PBXFrameworksBuildPhase;
			buildActionMask = 2147483647;
			files = (
				09FAC0CD1DA3CE4F00477344 /* CoreLocation.framework in Frameworks */,
				09FAC0CB1DA3CE2200477344 /* AudioToolbox.framework in Frameworks */,
				09FAC0C91DA3CE1B00477344 /* CFNetwork.framework in Frameworks */,
				09FAC0C61DA3CAF600477344 /* StoreKit.framework in Frameworks */,
				09FAC0C41DA3CAED00477344 /* QuartzCore.framework in Frameworks */,
				09FAC0C21DA3CAE400477344 /* SystemConfiguration.framework in Frameworks */,
				09FAC0C01DA3CAD300477344 /* libsqlite3.tbd in Frameworks */,
				09FAC0BE1DA3CAC500477344 /* libz.tbd in Frameworks */,
				09FAC0BA1DA3CA9800477344 /* Parse.framework in Frameworks */,
				09FAC0B91DA3CA9800477344 /* Bolts.framework in Frameworks */,
				09FAC0BC1DA3CA9800477344 /* ParseFacebookUtilsV4.framework in Frameworks */,
				09FAC0BB1DA3CA9800477344 /* ParseFacebookUtils.framework in Frameworks */,
				6F9D96B75D85412C7ED32B64 /* Pods_OrienteeringQuiz.framework in Frameworks */,
			);
			runOnlyForDeploymentPostprocessing = 0;
		};
/* End PBXFrameworksBuildPhase section */

/* Begin PBXGroup section */
		09FAC0A81DA3A00400477344 /* QUIZ_VC */ = {
			isa = PBXGroup;
			children = (
				D55677471D69CA1E00A35C0E /* SYBCollectionViewCell.swift */,
				D556774B1D69D9D800A35C0E /* SYBQuizsViewController.swift */,
			);
			name = QUIZ_VC;
			sourceTree = "<group>";
		};
		09FAC0A91DA3A02200477344 /* APRENDE_VC */ = {
			isa = PBXGroup;
			children = (
				D5B210F41E3513E40072442F /* AprendeSimbolosTableViewCell.swift */,
				D5B210F51E3513E40072442F /* AprendeSimbolosTableViewCell.xib */,
				D5B210F61E3513E40072442F /* AprendeSimbolosViewController.swift */,
			);
			name = APRENDE_VC;
			sourceTree = "<group>";
		};
		09FAC0AE1DA3A0B300477344 /* LOGIN_REGISTRO_VC */ = {
			isa = PBXGroup;
			children = (
				D5B210FE1E3514B20072442F /* SYBLoginViewController.swift */,
				D5B210FF1E3514B20072442F /* SYBRegistroNuevoUsuarioViewController.swift */,
			);
			name = LOGIN_REGISTRO_VC;
			sourceTree = "<group>";
		};
		09FAC0C71DA3CB4700477344 /* FRAMEWORK */ = {
			isa = PBXGroup;
			children = (
				09FAC0C11DA3CAE400477344 /* SystemConfiguration.framework */,
				09FAC0C31DA3CAED00477344 /* QuartzCore.framework */,
				09FAC0C51DA3CAF600477344 /* StoreKit.framework */,
				09FAC0C81DA3CE1B00477344 /* CFNetwork.framework */,
				09FAC0CA1DA3CE2200477344 /* AudioToolbox.framework */,
				09FAC0CC1DA3CE4F00477344 /* CoreLocation.framework */,
				09FAC0B51DA3CA9800477344 /* Bolts.framework */,
				09FAC0B61DA3CA9800477344 /* Parse.framework */,
				09FAC0B71DA3CA9800477344 /* ParseFacebookUtils.framework */,
				09FAC0B81DA3CA9800477344 /* ParseFacebookUtilsV4.framework */,
			);
			name = FRAMEWORK;
			sourceTree = "<group>";
		};
		5C6D408F0FA4D13190546798 /* Frameworks */ = {
			isa = PBXGroup;
			children = (
				777E669F9C09F68568D1A29C /* Pods_OrienteeringQuiz.framework */,
			);
			name = Frameworks;
			sourceTree = "<group>";
		};
		84B0B48F0960046642A3F1C9 /* Pods */ = {
			isa = PBXGroup;
			children = (
				30280A03230CE5ABDB1866BF /* Pods-OrienteeringQuiz.debug.xcconfig */,
				CCB4C95CFBA217FCF0D5558D /* Pods-OrienteeringQuiz.release.xcconfig */,
			);
			name = Pods;
			sourceTree = "<group>";
		};
		D50136FC1E2944C500A3F8D6 /* MODELOS */ = {
			isa = PBXGroup;
			children = (
				D50136FF1E2A471300A3F8D6 /* simbolosModelo.swift */,
				D51A7EEC1E3DFE510016DBD0 /* clasificacionModelo.swift */,
			);
			name = MODELOS;
			sourceTree = "<group>";
		};
		D5B2F6211D92E17D008DF8A3 /* IMAGENES */ = {
			isa = PBXGroup;
			children = (
				09FAC0B11DA3BE8100477344 /* iconoMapa.png */,
				09FAC0AF1DA3BC3700477344 /* profileDefault.png */,
				D5B2F62F1D930BCD008DF8A3 /* checkKO.png */,
				D5B2F62D1D92EC60008DF8A3 /* checkOK.png */,
			);
			name = IMAGENES;
			sourceTree = "<group>";
		};
		D5B37C0F1D68E431002009DB = {
			isa = PBXGroup;
			children = (
				D5BC20781E34097900F4203C /* Podfile */,
				09FAC0BF1DA3CAD300477344 /* libsqlite3.tbd */,
				09FAC0BD1DA3CAC500477344 /* libz.tbd */,
				D5B37C1A1D68E431002009DB /* OrienteeringQuiz */,
				D5B37C191D68E431002009DB /* Products */,
				84B0B48F0960046642A3F1C9 /* Pods */,
				5C6D408F0FA4D13190546798 /* Frameworks */,
			);
			sourceTree = "<group>";
		};
		D5B37C191D68E431002009DB /* Products */ = {
			isa = PBXGroup;
			children = (
				D5B37C181D68E431002009DB /* OrienteeringQuiz.app */,
			);
			name = Products;
			sourceTree = "<group>";
		};
		D5B37C1A1D68E431002009DB /* OrienteeringQuiz */ = {
			isa = PBXGroup;
			children = (
				D5B37C1B1D68E431002009DB /* AppDelegate.swift */,
				D50136FC1E2944C500A3F8D6 /* MODELOS */,
				09FAC0C71DA3CB4700477344 /* FRAMEWORK */,
				D5C187AE1DEA11AD00EBFC9F /* VIEW_CONTROLLERS */,
				D5B2F6211D92E17D008DF8A3 /* IMAGENES */,
				D5BC206C1E33D6CA00F4203C /* Localizable.strings */,
				D5B37C1F1D68E431002009DB /* Main.storyboard */,
				D5B37C221D68E432002009DB /* Assets.xcassets */,
				D5B37C241D68E432002009DB /* LaunchScreen.storyboard */,
				D5B37C271D68E432002009DB /* Info.plist */,
			);
			path = OrienteeringQuiz;
			sourceTree = "<group>";
		};
		D5BC206F1E34015700F4203C /* SIDEMENU_VC */ = {
			isa = PBXGroup;
			children = (
				D545A54F1E342F2900371078 /* menuLateralViewController.swift */,
				D5BC20751E3403B800F4203C /* SWRevealViewController.h */,
				D5BC20761E3403B800F4203C /* SWRevealViewController.m */,
				D5BC20721E34035E00F4203C /* MenuCell.swift */,
				D5BC20741E3403B700F4203C /* OrienteeringQuiz-Bridging-Header.h */,
			);
			name = SIDEMENU_VC;
			sourceTree = "<group>";
		};
		D5C187AE1DEA11AD00EBFC9F /* VIEW_CONTROLLERS */ = {
			isa = PBXGroup;
			children = (
				D5DFC3481E3CFDC60090BD19 /* RANKING_VC */,
				D5BC206F1E34015700F4203C /* SIDEMENU_VC */,
				09FAC0AE1DA3A0B300477344 /* LOGIN_REGISTRO_VC */,
				09FAC0A81DA3A00400477344 /* QUIZ_VC */,
				09FAC0A91DA3A02200477344 /* APRENDE_VC */,
				D5B210FC1E3514910072442F /* SYBMenuViewController.swift */,
			);
			name = VIEW_CONTROLLERS;
			sourceTree = "<group>";
		};
		D5DFC3481E3CFDC60090BD19 /* RANKING_VC */ = {
			isa = PBXGroup;
			children = (
				D5DFC34D1E3D004C0090BD19 /* RankingTableViewController.swift */,
				D51A7EEA1E3DF7460016DBD0 /* RankingTableViewCell.swift */,
			);
			name = RANKING_VC;
			sourceTree = "<group>";
		};
/* End PBXGroup section */

/* Begin PBXNativeTarget section */
		D5B37C171D68E431002009DB /* OrienteeringQuiz */ = {
			isa = PBXNativeTarget;
			buildConfigurationList = D5B37C2A1D68E432002009DB /* Build configuration list for PBXNativeTarget "OrienteeringQuiz" */;
			buildPhases = (
				F73175B2366814A45C2F6734 /* [CP] Check Pods Manifest.lock */,
				D5B37C141D68E431002009DB /* Sources */,
				D5B37C151D68E431002009DB /* Frameworks */,
				D5B37C161D68E431002009DB /* Resources */,
				3C45E767201F66FCC525AA53 /* [CP] Embed Pods Frameworks */,
				A830517F3EB02A995CA0993B /* [CP] Copy Pods Resources */,
			);
			buildRules = (
			);
			dependencies = (
			);
			name = OrienteeringQuiz;
			productName = OrienteeringQuiz;
			productReference = D5B37C181D68E431002009DB /* OrienteeringQuiz.app */;
			productType = "com.apple.product-type.application";
		};
/* End PBXNativeTarget section */

/* Begin PBXProject section */
		D5B37C101D68E431002009DB /* Project object */ = {
			isa = PBXProject;
			attributes = {
				LastSwiftUpdateCheck = 0730;
				LastUpgradeCheck = 0810;
				ORGANIZATIONNAME = Symbel;
				TargetAttributes = {
					D5B37C171D68E431002009DB = {
						CreatedOnToolsVersion = 7.3.1;
						DevelopmentTeam = JJRB8HR957;
						LastSwiftMigration = 0810;
					};
				};
			};
			buildConfigurationList = D5B37C131D68E431002009DB /* Build configuration list for PBXProject "OrienteeringQuiz" */;
			compatibilityVersion = "Xcode 3.2";
			developmentRegion = English;
			hasScannedForEncodings = 0;
			knownRegions = (
				en,
				Base,
			);
			mainGroup = D5B37C0F1D68E431002009DB;
			productRefGroup = D5B37C191D68E431002009DB /* Products */;
			projectDirPath = "";
			projectRoot = "";
			targets = (
				D5B37C171D68E431002009DB /* OrienteeringQuiz */,
			);
		};
/* End PBXProject section */

/* Begin PBXResourcesBuildPhase section */
		D5B37C161D68E431002009DB /* Resources */ = {
			isa = PBXResourcesBuildPhase;
			buildActionMask = 2147483647;
			files = (
				D5BC20791E34097900F4203C /* Podfile in Resources */,
				D5B37C261D68E432002009DB /* LaunchScreen.storyboard in Resources */,
				D5B37C231D68E432002009DB /* Assets.xcassets in Resources */,
				09FAC0B01DA3BC3700477344 /* profileDefault.png in Resources */,
				D5B2F62E1D92EC60008DF8A3 /* checkOK.png in Resources */,
				D5B37C211D68E431002009DB /* Main.storyboard in Resources */,
				D5B210F81E3513E40072442F /* AprendeSimbolosTableViewCell.xib in Resources */,
				09FAC0B21DA3BE8100477344 /* iconoMapa.png in Resources */,
				D5B2F6301D930BCD008DF8A3 /* checkKO.png in Resources */,
				D5BC206A1E33D6CA00F4203C /* Localizable.strings in Resources */,
			);
			runOnlyForDeploymentPostprocessing = 0;
		};
/* End PBXResourcesBuildPhase section */

/* Begin PBXShellScriptBuildPhase section */
		3C45E767201F66FCC525AA53 /* [CP] Embed Pods Frameworks */ = {
			isa = PBXShellScriptBuildPhase;
			buildActionMask = 2147483647;
			files = (
			);
			inputPaths = (
			);
			name = "[CP] Embed Pods Frameworks";
			outputPaths = (
			);
			runOnlyForDeploymentPostprocessing = 0;
			shellPath = /bin/sh;
			shellScript = "\"${SRCROOT}/Pods/Target Support Files/Pods-OrienteeringQuiz/Pods-OrienteeringQuiz-frameworks.sh\"\n";
			showEnvVarsInLog = 0;
		};
		A830517F3EB02A995CA0993B /* [CP] Copy Pods Resources */ = {
			isa = PBXShellScriptBuildPhase;
			buildActionMask = 2147483647;
			files = (
			);
			inputPaths = (
			);
			name = "[CP] Copy Pods Resources";
			outputPaths = (
			);
			runOnlyForDeploymentPostprocessing = 0;
			shellPath = /bin/sh;
			shellScript = "\"${SRCROOT}/Pods/Target Support Files/Pods-OrienteeringQuiz/Pods-OrienteeringQuiz-resources.sh\"\n";
			showEnvVarsInLog = 0;
		};
		F73175B2366814A45C2F6734 /* [CP] Check Pods Manifest.lock */ = {
			isa = PBXShellScriptBuildPhase;
			buildActionMask = 2147483647;
			files = (
			);
			inputPaths = (
			);
			name = "[CP] Check Pods Manifest.lock";
			outputPaths = (
			);
			runOnlyForDeploymentPostprocessing = 0;
			shellPath = /bin/sh;
			shellScript = "diff \"${PODS_ROOT}/../Podfile.lock\" \"${PODS_ROOT}/Manifest.lock\" > /dev/null\nif [ $? != 0 ] ; then\n    # print error to STDERR\n    echo \"error: The sandbox is not in sync with the Podfile.lock. Run 'pod install' or update your CocoaPods installation.\" >&2\n    exit 1\nfi\n";
			showEnvVarsInLog = 0;
		};
/* End PBXShellScriptBuildPhase section */

/* Begin PBXSourcesBuildPhase section */
		D5B37C141D68E431002009DB /* Sources */ = {
			isa = PBXSourcesBuildPhase;
			buildActionMask = 2147483647;
			files = (
				D5BC20771E3403B800F4203C /* SWRevealViewController.m in Sources */,
				D545A5501E342F2900371078 /* menuLateralViewController.swift in Sources */,
				D5DFC34F1E3D004C0090BD19 /* RankingTableViewController.swift in Sources */,
				D5B210F71E3513E40072442F /* AprendeSimbolosTableViewCell.swift in Sources */,
				D51A7EEB1E3DF7460016DBD0 /* RankingTableViewCell.swift in Sources */,
				D5BC20731E34035E00F4203C /* MenuCell.swift in Sources */,
				D55677481D69CA1E00A35C0E /* SYBCollectionViewCell.swift in Sources */,
				D50137001E2A471300A3F8D6 /* simbolosModelo.swift in Sources */,
				D5B211001E3514B20072442F /* SYBLoginViewController.swift in Sources */,
				D5B210F91E3513E40072442F /* AprendeSimbolosViewController.swift in Sources */,
				D5B210FD1E3514910072442F /* SYBMenuViewController.swift in Sources */,
				D556774C1D69D9D800A35C0E /* SYBQuizsViewController.swift in Sources */,
				D51A7EED1E3DFE510016DBD0 /* clasificacionModelo.swift in Sources */,
				D5B37C1C1D68E431002009DB /* AppDelegate.swift in Sources */,
				D5B211011E3514B20072442F /* SYBRegistroNuevoUsuarioViewController.swift in Sources */,
			);
			runOnlyForDeploymentPostprocessing = 0;
		};
/* End PBXSourcesBuildPhase section */

/* Begin PBXVariantGroup section */
		D5B37C1F1D68E431002009DB /* Main.storyboard */ = {
			isa = PBXVariantGroup;
			children = (
				D5B37C201D68E431002009DB /* Base */,
			);
			name = Main.storyboard;
			sourceTree = "<group>";
		};
		D5B37C241D68E432002009DB /* LaunchScreen.storyboard */ = {
			isa = PBXVariantGroup;
			children = (
				D5B37C251D68E432002009DB /* Base */,
			);
			name = LaunchScreen.storyboard;
			sourceTree = "<group>";
		};
		D5BC206C1E33D6CA00F4203C /* Localizable.strings */ = {
			isa = PBXVariantGroup;
			children = (
				D5BC206B1E33D6CA00F4203C /* en */,
			);
			name = Localizable.strings;
			path = ..;
			sourceTree = "<group>";
		};
/* End PBXVariantGroup section */

/* Begin XCBuildConfiguration section */
		D5B37C281D68E432002009DB /* Debug */ = {
			isa = XCBuildConfiguration;
			buildSettings = {
				ALWAYS_SEARCH_USER_PATHS = NO;
				CLANG_ANALYZER_NONNULL = YES;
				CLANG_CXX_LANGUAGE_STANDARD = "gnu++0x";
				CLANG_CXX_LIBRARY = "libc++";
				CLANG_ENABLE_MODULES = YES;
				CLANG_ENABLE_OBJC_ARC = YES;
				CLANG_WARN_BOOL_CONVERSION = YES;
				CLANG_WARN_CONSTANT_CONVERSION = YES;
				CLANG_WARN_DIRECT_OBJC_ISA_USAGE = YES_ERROR;
				CLANG_WARN_EMPTY_BODY = YES;
				CLANG_WARN_ENUM_CONVERSION = YES;
				CLANG_WARN_INFINITE_RECURSION = YES;
				CLANG_WARN_INT_CONVERSION = YES;
				CLANG_WARN_OBJC_ROOT_CLASS = YES_ERROR;
				CLANG_WARN_SUSPICIOUS_MOVE = YES;
				CLANG_WARN_UNREACHABLE_CODE = YES;
				CLANG_WARN__DUPLICATE_METHOD_MATCH = YES;
				"CODE_SIGN_IDENTITY[sdk=iphoneos*]" = "iPhone Developer";
				COPY_PHASE_STRIP = NO;
				DEBUG_INFORMATION_FORMAT = dwarf;
				ENABLE_STRICT_OBJC_MSGSEND = YES;
				ENABLE_TESTABILITY = YES;
				GCC_C_LANGUAGE_STANDARD = gnu99;
				GCC_DYNAMIC_NO_PIC = NO;
				GCC_NO_COMMON_BLOCKS = YES;
				GCC_OPTIMIZATION_LEVEL = 0;
				GCC_PREPROCESSOR_DEFINITIONS = (
					"DEBUG=1",
					"$(inherited)",
				);
				GCC_WARN_64_TO_32_BIT_CONVERSION = YES;
				GCC_WARN_ABOUT_RETURN_TYPE = YES_ERROR;
				GCC_WARN_UNDECLARED_SELECTOR = YES;
				GCC_WARN_UNINITIALIZED_AUTOS = YES_AGGRESSIVE;
				GCC_WARN_UNUSED_FUNCTION = YES;
				GCC_WARN_UNUSED_VARIABLE = YES;
				IPHONEOS_DEPLOYMENT_TARGET = 9.3;
				MTL_ENABLE_DEBUG_INFO = YES;
				ONLY_ACTIVE_ARCH = YES;
				SDKROOT = iphoneos;
				SWIFT_OPTIMIZATION_LEVEL = "-Onone";
			};
			name = Debug;
		};
		D5B37C291D68E432002009DB /* Release */ = {
			isa = XCBuildConfiguration;
			buildSettings = {
				ALWAYS_SEARCH_USER_PATHS = NO;
				CLANG_ANALYZER_NONNULL = YES;
				CLANG_CXX_LANGUAGE_STANDARD = "gnu++0x";
				CLANG_CXX_LIBRARY = "libc++";
				CLANG_ENABLE_MODULES = YES;
				CLANG_ENABLE_OBJC_ARC = YES;
				CLANG_WARN_BOOL_CONVERSION = YES;
				CLANG_WARN_CONSTANT_CONVERSION = YES;
				CLANG_WARN_DIRECT_OBJC_ISA_USAGE = YES_ERROR;
				CLANG_WARN_EMPTY_BODY = YES;
				CLANG_WARN_ENUM_CONVERSION = YES;
				CLANG_WARN_INFINITE_RECURSION = YES;
				CLANG_WARN_INT_CONVERSION = YES;
				CLANG_WARN_OBJC_ROOT_CLASS = YES_ERROR;
				CLANG_WARN_SUSPICIOUS_MOVE = YES;
				CLANG_WARN_UNREACHABLE_CODE = YES;
				CLANG_WARN__DUPLICATE_METHOD_MATCH = YES;
				"CODE_SIGN_IDENTITY[sdk=iphoneos*]" = "iPhone Developer";
				COPY_PHASE_STRIP = NO;
				DEBUG_INFORMATION_FORMAT = "dwarf-with-dsym";
				ENABLE_NS_ASSERTIONS = NO;
				ENABLE_STRICT_OBJC_MSGSEND = YES;
				GCC_C_LANGUAGE_STANDARD = gnu99;
				GCC_NO_COMMON_BLOCKS = YES;
				GCC_WARN_64_TO_32_BIT_CONVERSION = YES;
				GCC_WARN_ABOUT_RETURN_TYPE = YES_ERROR;
				GCC_WARN_UNDECLARED_SELECTOR = YES;
				GCC_WARN_UNINITIALIZED_AUTOS = YES_AGGRESSIVE;
				GCC_WARN_UNUSED_FUNCTION = YES;
				GCC_WARN_UNUSED_VARIABLE = YES;
				IPHONEOS_DEPLOYMENT_TARGET = 9.3;
				MTL_ENABLE_DEBUG_INFO = NO;
				SDKROOT = iphoneos;
				SWIFT_OPTIMIZATION_LEVEL = "-Owholemodule";
				VALIDATE_PRODUCT = YES;
			};
			name = Release;
		};
		D5B37C2B1D68E432002009DB /* Debug */ = {
			isa = XCBuildConfiguration;
			baseConfigurationReference = 30280A03230CE5ABDB1866BF /* Pods-OrienteeringQuiz.debug.xcconfig */;
			buildSettings = {
				ASSETCATALOG_COMPILER_APPICON_NAME = AppIcon;
				CLANG_ENABLE_MODULES = YES;
				CODE_SIGN_IDENTITY = "iPhone Developer";
				DEVELOPMENT_TEAM = JJRB8HR957;
				FRAMEWORK_SEARCH_PATHS = (
					"$(inherited)",
					"$(PROJECT_DIR)/OrienteeringQuiz",
				);
				INFOPLIST_FILE = OrienteeringQuiz/Info.plist;
				IPHONEOS_DEPLOYMENT_TARGET = 10.0;
				LD_RUNPATH_SEARCH_PATHS = "$(inherited) @executable_path/Frameworks";
				PRODUCT_BUNDLE_IDENTIFIER = "es-symbel.OrienteeringQuiz";
				PRODUCT_NAME = "$(TARGET_NAME)";
				SWIFT_OBJC_BRIDGING_HEADER = "OrienteeringQuiz/OrienteeringQuiz-Bridging-Header.h";
				SWIFT_OPTIMIZATION_LEVEL = "-Onone";
				SWIFT_VERSION = 3.0;
			};
			name = Debug;
		};
		D5B37C2C1D68E432002009DB /* Release */ = {
			isa = XCBuildConfiguration;
			baseConfigurationReference = CCB4C95CFBA217FCF0D5558D /* Pods-OrienteeringQuiz.release.xcconfig */;
			buildSettings = {
				ASSETCATALOG_COMPILER_APPICON_NAME = AppIcon;
				CLANG_ENABLE_MODULES = YES;
				CODE_SIGN_IDENTITY = "iPhone Developer";
				DEVELOPMENT_TEAM = JJRB8HR957;
				FRAMEWORK_SEARCH_PATHS = (
					"$(inherited)",
					"$(PROJECT_DIR)/OrienteeringQuiz",
				);
				INFOPLIST_FILE = OrienteeringQuiz/Info.plist;
				IPHONEOS_DEPLOYMENT_TARGET = 10.0;
				LD_RUNPATH_SEARCH_PATHS = "$(inherited) @executable_path/Frameworks";
				PRODUCT_BUNDLE_IDENTIFIER = "es-symbel.OrienteeringQuiz";
				PRODUCT_NAME = "$(TARGET_NAME)";
				SWIFT_OBJC_BRIDGING_HEADER = "OrienteeringQuiz/OrienteeringQuiz-Bridging-Header.h";
				SWIFT_VERSION = 3.0;
			};
			name = Release;
		};
/* End XCBuildConfiguration section */

/* Begin XCConfigurationList section */
		D5B37C131D68E431002009DB /* Build configuration list for PBXProject "OrienteeringQuiz" */ = {
			isa = XCConfigurationList;
			buildConfigurations = (
				D5B37C281D68E432002009DB /* Debug */,
				D5B37C291D68E432002009DB /* Release */,
			);
			defaultConfigurationIsVisible = 0;
			defaultConfigurationName = Release;
		};
		D5B37C2A1D68E432002009DB /* Build configuration list for PBXNativeTarget "OrienteeringQuiz" */ = {
			isa = XCConfigurationList;
			buildConfigurations = (
				D5B37C2B1D68E432002009DB /* Debug */,
				D5B37C2C1D68E432002009DB /* Release */,
			);
			defaultConfigurationIsVisible = 0;
			defaultConfigurationName = Release;
		};
/* End XCConfigurationList section */
	};
	rootObject = D5B37C101D68E431002009DB /* Project object */;
}
