// !$*UTF8*$!
{
	archiveVersion = 1;
	classes = {
	};
	objectVersion = 46;
	objects = {

/* Begin PBXBuildFile section */
		D55677481D69CA1E00A35C0E /* SYBCollectionViewCell.swift in Sources */ = {isa = PBXBuildFile; fileRef = D55677471D69CA1E00A35C0E /* SYBCollectionViewCell.swift */; };
		D556774C1D69D9D800A35C0E /* SYBQuizsViewController.swift in Sources */ = {isa = PBXBuildFile; fileRef = D556774B1D69D9D800A35C0E /* SYBQuizsViewController.swift */; };
		D5B2F6201D92E069008DF8A3 /* SimbolosDescripcion.plist in Resources */ = {isa = PBXBuildFile; fileRef = D5B2F61F1D92E069008DF8A3 /* SimbolosDescripcion.plist */; };
		D5B2F6281D92E1A7008DF8A3 /* simbolo0.png in Resources */ = {isa = PBXBuildFile; fileRef = D5B2F6231D92E1A7008DF8A3 /* simbolo0.png */; };
		D5B2F6291D92E1A7008DF8A3 /* simbolo1.png in Resources */ = {isa = PBXBuildFile; fileRef = D5B2F6241D92E1A7008DF8A3 /* simbolo1.png */; };
		D5B2F62A1D92E1A7008DF8A3 /* simbolo2.png in Resources */ = {isa = PBXBuildFile; fileRef = D5B2F6251D92E1A7008DF8A3 /* simbolo2.png */; };
		D5B2F62B1D92E1A7008DF8A3 /* simbolo3.png in Resources */ = {isa = PBXBuildFile; fileRef = D5B2F6261D92E1A7008DF8A3 /* simbolo3.png */; };
		D5B2F62C1D92E1A7008DF8A3 /* simbolo4.png in Resources */ = {isa = PBXBuildFile; fileRef = D5B2F6271D92E1A7008DF8A3 /* simbolo4.png */; };
		D5B2F62E1D92EC60008DF8A3 /* checkOK.png in Resources */ = {isa = PBXBuildFile; fileRef = D5B2F62D1D92EC60008DF8A3 /* checkOK.png */; };
		D5B2F6301D930BCD008DF8A3 /* checkKO.png in Resources */ = {isa = PBXBuildFile; fileRef = D5B2F62F1D930BCD008DF8A3 /* checkKO.png */; };
		D5B2F6341D93182D008DF8A3 /* SYBMenuViewController.swift in Sources */ = {isa = PBXBuildFile; fileRef = D5B2F6331D93182D008DF8A3 /* SYBMenuViewController.swift */; };
		D5B37C1C1D68E431002009DB /* AppDelegate.swift in Sources */ = {isa = PBXBuildFile; fileRef = D5B37C1B1D68E431002009DB /* AppDelegate.swift */; };
		D5B37C211D68E431002009DB /* Main.storyboard in Resources */ = {isa = PBXBuildFile; fileRef = D5B37C1F1D68E431002009DB /* Main.storyboard */; };
		D5B37C231D68E432002009DB /* Assets.xcassets in Resources */ = {isa = PBXBuildFile; fileRef = D5B37C221D68E432002009DB /* Assets.xcassets */; };
		D5B37C261D68E432002009DB /* LaunchScreen.storyboard in Resources */ = {isa = PBXBuildFile; fileRef = D5B37C241D68E432002009DB /* LaunchScreen.storyboard */; };
		D5F4A4D91D96967A004E540D /* simbolosMapa2.png in Resources */ = {isa = PBXBuildFile; fileRef = D5F4A4D81D96967A004E540D /* simbolosMapa2.png */; };
		D5F4A4DB1D969818004E540D /* simbolosDesc.png in Resources */ = {isa = PBXBuildFile; fileRef = D5F4A4DA1D969818004E540D /* simbolosDesc.png */; };
		D5F4A4DD1D999B34004E540D /* aprendeSimbolos.png in Resources */ = {isa = PBXBuildFile; fileRef = D5F4A4DC1D999B34004E540D /* aprendeSimbolos.png */; };
		D5F4A4DF1D99B483004E540D /* SYBAprendeSimbolosTableViewController.swift in Sources */ = {isa = PBXBuildFile; fileRef = D5F4A4DE1D99B483004E540D /* SYBAprendeSimbolosTableViewController.swift */; };
		D5F4A4E11D99B4A7004E540D /* SYBAprendeSimbolosTableViewCell.swift in Sources */ = {isa = PBXBuildFile; fileRef = D5F4A4E01D99B4A7004E540D /* SYBAprendeSimbolosTableViewCell.swift */; };
/* End PBXBuildFile section */

/* Begin PBXFileReference section */
		D55677471D69CA1E00A35C0E /* SYBCollectionViewCell.swift */ = {isa = PBXFileReference; fileEncoding = 4; lastKnownFileType = sourcecode.swift; path = SYBCollectionViewCell.swift; sourceTree = "<group>"; };
		D556774B1D69D9D800A35C0E /* SYBQuizsViewController.swift */ = {isa = PBXFileReference; fileEncoding = 4; lastKnownFileType = sourcecode.swift; path = SYBQuizsViewController.swift; sourceTree = "<group>"; };
		D5B2F61F1D92E069008DF8A3 /* SimbolosDescripcion.plist */ = {isa = PBXFileReference; fileEncoding = 4; lastKnownFileType = text.plist.xml; path = SimbolosDescripcion.plist; sourceTree = "<group>"; };
		D5B2F6231D92E1A7008DF8A3 /* simbolo0.png */ = {isa = PBXFileReference; lastKnownFileType = image.png; path = simbolo0.png; sourceTree = "<group>"; };
		D5B2F6241D92E1A7008DF8A3 /* simbolo1.png */ = {isa = PBXFileReference; lastKnownFileType = image.png; path = simbolo1.png; sourceTree = "<group>"; };
		D5B2F6251D92E1A7008DF8A3 /* simbolo2.png */ = {isa = PBXFileReference; lastKnownFileType = image.png; path = simbolo2.png; sourceTree = "<group>"; };
		D5B2F6261D92E1A7008DF8A3 /* simbolo3.png */ = {isa = PBXFileReference; lastKnownFileType = image.png; path = simbolo3.png; sourceTree = "<group>"; };
		D5B2F6271D92E1A7008DF8A3 /* simbolo4.png */ = {isa = PBXFileReference; lastKnownFileType = image.png; path = simbolo4.png; sourceTree = "<group>"; };
		D5B2F62D1D92EC60008DF8A3 /* checkOK.png */ = {isa = PBXFileReference; lastKnownFileType = image.png; path = checkOK.png; sourceTree = "<group>"; };
		D5B2F62F1D930BCD008DF8A3 /* checkKO.png */ = {isa = PBXFileReference; lastKnownFileType = image.png; path = checkKO.png; sourceTree = "<group>"; };
		D5B2F6331D93182D008DF8A3 /* SYBMenuViewController.swift */ = {isa = PBXFileReference; fileEncoding = 4; lastKnownFileType = sourcecode.swift; name = SYBMenuViewController.swift; path = ../SYBMenuViewController.swift; sourceTree = "<group>"; };
		D5B37C181D68E431002009DB /* OrienteeringQuiz.app */ = {isa = PBXFileReference; explicitFileType = wrapper.application; includeInIndex = 0; path = OrienteeringQuiz.app; sourceTree = BUILT_PRODUCTS_DIR; };
		D5B37C1B1D68E431002009DB /* AppDelegate.swift */ = {isa = PBXFileReference; lastKnownFileType = sourcecode.swift; path = AppDelegate.swift; sourceTree = "<group>"; };
		D5B37C201D68E431002009DB /* Base */ = {isa = PBXFileReference; lastKnownFileType = file.storyboard; name = Base; path = Base.lproj/Main.storyboard; sourceTree = "<group>"; };
		D5B37C221D68E432002009DB /* Assets.xcassets */ = {isa = PBXFileReference; lastKnownFileType = folder.assetcatalog; path = Assets.xcassets; sourceTree = "<group>"; };
		D5B37C251D68E432002009DB /* Base */ = {isa = PBXFileReference; lastKnownFileType = file.storyboard; name = Base; path = Base.lproj/LaunchScreen.storyboard; sourceTree = "<group>"; };
		D5B37C271D68E432002009DB /* Info.plist */ = {isa = PBXFileReference; lastKnownFileType = text.plist.xml; path = Info.plist; sourceTree = "<group>"; };
		D5F4A4D81D96967A004E540D /* simbolosMapa2.png */ = {isa = PBXFileReference; lastKnownFileType = image.png; path = simbolosMapa2.png; sourceTree = "<group>"; };
		D5F4A4DA1D969818004E540D /* simbolosDesc.png */ = {isa = PBXFileReference; lastKnownFileType = image.png; path = simbolosDesc.png; sourceTree = "<group>"; };
		D5F4A4DC1D999B34004E540D /* aprendeSimbolos.png */ = {isa = PBXFileReference; lastKnownFileType = image.png; path = aprendeSimbolos.png; sourceTree = "<group>"; };
		D5F4A4DE1D99B483004E540D /* SYBAprendeSimbolosTableViewController.swift */ = {isa = PBXFileReference; fileEncoding = 4; lastKnownFileType = sourcecode.swift; path = SYBAprendeSimbolosTableViewController.swift; sourceTree = "<group>"; };
		D5F4A4E01D99B4A7004E540D /* SYBAprendeSimbolosTableViewCell.swift */ = {isa = PBXFileReference; fileEncoding = 4; lastKnownFileType = sourcecode.swift; path = SYBAprendeSimbolosTableViewCell.swift; sourceTree = "<group>"; };
/* End PBXFileReference section */

/* Begin PBXFrameworksBuildPhase section */
		D5B37C151D68E431002009DB /* Frameworks */ = {
			isa = PBXFrameworksBuildPhase;
			buildActionMask = 2147483647;
			files = (
			);
			runOnlyForDeploymentPostprocessing = 0;
		};
/* End PBXFrameworksBuildPhase section */

/* Begin PBXGroup section */
		D5B2F6211D92E17D008DF8A3 /* IMAGENES */ = {
			isa = PBXGroup;
			children = (
				D5F4A4DC1D999B34004E540D /* aprendeSimbolos.png */,
				D5F4A4DA1D969818004E540D /* simbolosDesc.png */,
				D5F4A4D81D96967A004E540D /* simbolosMapa2.png */,
				D5B2F62F1D930BCD008DF8A3 /* checkKO.png */,
				D5B2F62D1D92EC60008DF8A3 /* checkOK.png */,
				D5B2F6221D92E187008DF8A3 /* SIMBOLOS_MAPA */,
			);
			name = IMAGENES;
			sourceTree = "<group>";
		};
		D5B2F6221D92E187008DF8A3 /* SIMBOLOS_MAPA */ = {
			isa = PBXGroup;
			children = (
				D5B2F6231D92E1A7008DF8A3 /* simbolo0.png */,
				D5B2F6241D92E1A7008DF8A3 /* simbolo1.png */,
				D5B2F6251D92E1A7008DF8A3 /* simbolo2.png */,
				D5B2F6261D92E1A7008DF8A3 /* simbolo3.png */,
				D5B2F6271D92E1A7008DF8A3 /* simbolo4.png */,
			);
			name = SIMBOLOS_MAPA;
			sourceTree = "<group>";
		};
		D5B37C0F1D68E431002009DB = {
			isa = PBXGroup;
			children = (
				D5B37C1A1D68E431002009DB /* OrienteeringQuiz */,
				D5B37C191D68E431002009DB /* Products */,
			);
			sourceTree = "<group>";
		};
		D5B37C191D68E431002009DB /* Products */ = {
			isa = PBXGroup;
			children = (
				D5B37C181D68E431002009DB /* OrienteeringQuiz.app */,
			);
			name = Products;
			sourceTree = "<group>";
		};
		D5B37C1A1D68E431002009DB /* OrienteeringQuiz */ = {
			isa = PBXGroup;
			children = (
				D5B2F6211D92E17D008DF8A3 /* IMAGENES */,
				D5B37C1B1D68E431002009DB /* AppDelegate.swift */,
				D55677471D69CA1E00A35C0E /* SYBCollectionViewCell.swift */,
				D556774B1D69D9D800A35C0E /* SYBQuizsViewController.swift */,
				D5B2F6331D93182D008DF8A3 /* SYBMenuViewController.swift */,
				D5F4A4DE1D99B483004E540D /* SYBAprendeSimbolosTableViewController.swift */,
				D5F4A4E01D99B4A7004E540D /* SYBAprendeSimbolosTableViewCell.swift */,
				D5B37C1F1D68E431002009DB /* Main.storyboard */,
				D5B37C221D68E432002009DB /* Assets.xcassets */,
				D5B37C241D68E432002009DB /* LaunchScreen.storyboard */,
				D5B37C271D68E432002009DB /* Info.plist */,
				D5B2F61F1D92E069008DF8A3 /* SimbolosDescripcion.plist */,
			);
			path = OrienteeringQuiz;
			sourceTree = "<group>";
		};
/* End PBXGroup section */

/* Begin PBXNativeTarget section */
		D5B37C171D68E431002009DB /* OrienteeringQuiz */ = {
			isa = PBXNativeTarget;
			buildConfigurationList = D5B37C2A1D68E432002009DB /* Build configuration list for PBXNativeTarget "OrienteeringQuiz" */;
			buildPhases = (
				D5B37C141D68E431002009DB /* Sources */,
				D5B37C151D68E431002009DB /* Frameworks */,
				D5B37C161D68E431002009DB /* Resources */,
			);
			buildRules = (
			);
			dependencies = (
			);
			name = OrienteeringQuiz;
			productName = OrienteeringQuiz;
			productReference = D5B37C181D68E431002009DB /* OrienteeringQuiz.app */;
			productType = "com.apple.product-type.application";
		};
/* End PBXNativeTarget section */

/* Begin PBXProject section */
		D5B37C101D68E431002009DB /* Project object */ = {
			isa = PBXProject;
			attributes = {
				LastSwiftUpdateCheck = 0730;
				LastUpgradeCheck = 0730;
				ORGANIZATIONNAME = Symbel;
				TargetAttributes = {
					D5B37C171D68E431002009DB = {
						CreatedOnToolsVersion = 7.3.1;
						DevelopmentTeam = NZ9BB45RRX;
					};
				};
			};
			buildConfigurationList = D5B37C131D68E431002009DB /* Build configuration list for PBXProject "OrienteeringQuiz" */;
			compatibilityVersion = "Xcode 3.2";
			developmentRegion = English;
			hasScannedForEncodings = 0;
			knownRegions = (
				en,
				Base,
			);
			mainGroup = D5B37C0F1D68E431002009DB;
			productRefGroup = D5B37C191D68E431002009DB /* Products */;
			projectDirPath = "";
			projectRoot = "";
			targets = (
				D5B37C171D68E431002009DB /* OrienteeringQuiz */,
			);
		};
/* End PBXProject section */

/* Begin PBXResourcesBuildPhase section */
		D5B37C161D68E431002009DB /* Resources */ = {
			isa = PBXResourcesBuildPhase;
			buildActionMask = 2147483647;
			files = (
				D5B2F62B1D92E1A7008DF8A3 /* simbolo3.png in Resources */,
				D5B37C261D68E432002009DB /* LaunchScreen.storyboard in Resources */,
				D5B37C231D68E432002009DB /* Assets.xcassets in Resources */,
				D5F4A4DB1D969818004E540D /* simbolosDesc.png in Resources */,
				D5B2F6291D92E1A7008DF8A3 /* simbolo1.png in Resources */,
				D5B2F62E1D92EC60008DF8A3 /* checkOK.png in Resources */,
				D5B37C211D68E431002009DB /* Main.storyboard in Resources */,
				D5B2F6201D92E069008DF8A3 /* SimbolosDescripcion.plist in Resources */,
				D5F4A4D91D96967A004E540D /* simbolosMapa2.png in Resources */,
				D5B2F6281D92E1A7008DF8A3 /* simbolo0.png in Resources */,
				D5B2F62A1D92E1A7008DF8A3 /* simbolo2.png in Resources */,
				D5B2F6301D930BCD008DF8A3 /* checkKO.png in Resources */,
				D5B2F62C1D92E1A7008DF8A3 /* simbolo4.png in Resources */,
				D5F4A4DD1D999B34004E540D /* aprendeSimbolos.png in Resources */,
			);
			runOnlyForDeploymentPostprocessing = 0;
		};
/* End PBXResourcesBuildPhase section */

/* Begin PBXSourcesBuildPhase section */
		D5B37C141D68E431002009DB /* Sources */ = {
			isa = PBXSourcesBuildPhase;
			buildActionMask = 2147483647;
			files = (
				D5B2F6341D93182D008DF8A3 /* SYBMenuViewController.swift in Sources */,
				D55677481D69CA1E00A35C0E /* SYBCollectionViewCell.swift in Sources */,
				D5F4A4E11D99B4A7004E540D /* SYBAprendeSimbolosTableViewCell.swift in Sources */,
				D5F4A4DF1D99B483004E540D /* SYBAprendeSimbolosTableViewController.swift in Sources */,
				D556774C1D69D9D800A35C0E /* SYBQuizsViewController.swift in Sources */,
				D5B37C1C1D68E431002009DB /* AppDelegate.swift in Sources */,
			);
			runOnlyForDeploymentPostprocessing = 0;
		};
/* End PBXSourcesBuildPhase section */

/* Begin PBXVariantGroup section */
		D5B37C1F1D68E431002009DB /* Main.storyboard */ = {
			isa = PBXVariantGroup;
			children = (
				D5B37C201D68E431002009DB /* Base */,
			);
			name = Main.storyboard;
			sourceTree = "<group>";
		};
		D5B37C241D68E432002009DB /* LaunchScreen.storyboard */ = {
			isa = PBXVariantGroup;
			children = (
				D5B37C251D68E432002009DB /* Base */,
			);
			name = LaunchScreen.storyboard;
			sourceTree = "<group>";
		};
/* End PBXVariantGroup section */

/* Begin XCBuildConfiguration section */
		D5B37C281D68E432002009DB /* Debug */ = {
			isa = XCBuildConfiguration;
			buildSettings = {
				ALWAYS_SEARCH_USER_PATHS = NO;
				CLANG_ANALYZER_NONNULL = YES;
				CLANG_CXX_LANGUAGE_STANDARD = "gnu++0x";
				CLANG_CXX_LIBRARY = "libc++";
				CLANG_ENABLE_MODULES = YES;
				CLANG_ENABLE_OBJC_ARC = YES;
				CLANG_WARN_BOOL_CONVERSION = YES;
				CLANG_WARN_CONSTANT_CONVERSION = YES;
				CLANG_WARN_DIRECT_OBJC_ISA_USAGE = YES_ERROR;
				CLANG_WARN_EMPTY_BODY = YES;
				CLANG_WARN_ENUM_CONVERSION = YES;
				CLANG_WARN_INT_CONVERSION = YES;
				CLANG_WARN_OBJC_ROOT_CLASS = YES_ERROR;
				CLANG_WARN_UNREACHABLE_CODE = YES;
				CLANG_WARN__DUPLICATE_METHOD_MATCH = YES;
				"CODE_SIGN_IDENTITY[sdk=iphoneos*]" = "iPhone Developer";
				COPY_PHASE_STRIP = NO;
				DEBUG_INFORMATION_FORMAT = dwarf;
				ENABLE_STRICT_OBJC_MSGSEND = YES;
				ENABLE_TESTABILITY = YES;
				GCC_C_LANGUAGE_STANDARD = gnu99;
				GCC_DYNAMIC_NO_PIC = NO;
				GCC_NO_COMMON_BLOCKS = YES;
				GCC_OPTIMIZATION_LEVEL = 0;
				GCC_PREPROCESSOR_DEFINITIONS = (
					"DEBUG=1",
					"$(inherited)",
				);
				GCC_WARN_64_TO_32_BIT_CONVERSION = YES;
				GCC_WARN_ABOUT_RETURN_TYPE = YES_ERROR;
				GCC_WARN_UNDECLARED_SELECTOR = YES;
				GCC_WARN_UNINITIALIZED_AUTOS = YES_AGGRESSIVE;
				GCC_WARN_UNUSED_FUNCTION = YES;
				GCC_WARN_UNUSED_VARIABLE = YES;
				IPHONEOS_DEPLOYMENT_TARGET = 9.3;
				MTL_ENABLE_DEBUG_INFO = YES;
				ONLY_ACTIVE_ARCH = YES;
				SDKROOT = iphoneos;
				SWIFT_OPTIMIZATION_LEVEL = "-Onone";
			};
			name = Debug;
		};
		D5B37C291D68E432002009DB /* Release */ = {
			isa = XCBuildConfiguration;
			buildSettings = {
				ALWAYS_SEARCH_USER_PATHS = NO;
				CLANG_ANALYZER_NONNULL = YES;
				CLANG_CXX_LANGUAGE_STANDARD = "gnu++0x";
				CLANG_CXX_LIBRARY = "libc++";
				CLANG_ENABLE_MODULES = YES;
				CLANG_ENABLE_OBJC_ARC = YES;
				CLANG_WARN_BOOL_CONVERSION = YES;
				CLANG_WARN_CONSTANT_CONVERSION = YES;
				CLANG_WARN_DIRECT_OBJC_ISA_USAGE = YES_ERROR;
				CLANG_WARN_EMPTY_BODY = YES;
				CLANG_WARN_ENUM_CONVERSION = YES;
				CLANG_WARN_INT_CONVERSION = YES;
				CLANG_WARN_OBJC_ROOT_CLASS = YES_ERROR;
				CLANG_WARN_UNREACHABLE_CODE = YES;
				CLANG_WARN__DUPLICATE_METHOD_MATCH = YES;
				"CODE_SIGN_IDENTITY[sdk=iphoneos*]" = "iPhone Developer";
				COPY_PHASE_STRIP = NO;
				DEBUG_INFORMATION_FORMAT = "dwarf-with-dsym";
				ENABLE_NS_ASSERTIONS = NO;
				ENABLE_STRICT_OBJC_MSGSEND = YES;
				GCC_C_LANGUAGE_STANDARD = gnu99;
				GCC_NO_COMMON_BLOCKS = YES;
				GCC_WARN_64_TO_32_BIT_CONVERSION = YES;
				GCC_WARN_ABOUT_RETURN_TYPE = YES_ERROR;
				GCC_WARN_UNDECLARED_SELECTOR = YES;
				GCC_WARN_UNINITIALIZED_AUTOS = YES_AGGRESSIVE;
				GCC_WARN_UNUSED_FUNCTION = YES;
				GCC_WARN_UNUSED_VARIABLE = YES;
				IPHONEOS_DEPLOYMENT_TARGET = 9.3;
				MTL_ENABLE_DEBUG_INFO = NO;
				SDKROOT = iphoneos;
				VALIDATE_PRODUCT = YES;
			};
			name = Release;
		};
		D5B37C2B1D68E432002009DB /* Debug */ = {
			isa = XCBuildConfiguration;
			buildSettings = {
				ASSETCATALOG_COMPILER_APPICON_NAME = AppIcon;
				CODE_SIGN_IDENTITY = "iPhone Developer";
				INFOPLIST_FILE = OrienteeringQuiz/Info.plist;
				LD_RUNPATH_SEARCH_PATHS = "$(inherited) @executable_path/Frameworks";
				PRODUCT_BUNDLE_IDENTIFIER = "es-symbel.OrienteeringQuiz";
				PRODUCT_NAME = "$(TARGET_NAME)";
			};
			name = Debug;
		};
		D5B37C2C1D68E432002009DB /* Release */ = {
			isa = XCBuildConfiguration;
			buildSettings = {
				ASSETCATALOG_COMPILER_APPICON_NAME = AppIcon;
				CODE_SIGN_IDENTITY = "iPhone Developer";
				INFOPLIST_FILE = OrienteeringQuiz/Info.plist;
				LD_RUNPATH_SEARCH_PATHS = "$(inherited) @executable_path/Frameworks";
				PRODUCT_BUNDLE_IDENTIFIER = "es-symbel.OrienteeringQuiz";
				PRODUCT_NAME = "$(TARGET_NAME)";
			};
			name = Release;
		};
/* End XCBuildConfiguration section */

/* Begin XCConfigurationList section */
		D5B37C131D68E431002009DB /* Build configuration list for PBXProject "OrienteeringQuiz" */ = {
			isa = XCConfigurationList;
			buildConfigurations = (
				D5B37C281D68E432002009DB /* Debug */,
				D5B37C291D68E432002009DB /* Release */,
			);
			defaultConfigurationIsVisible = 0;
			defaultConfigurationName = Release;
		};
		D5B37C2A1D68E432002009DB /* Build configuration list for PBXNativeTarget "OrienteeringQuiz" */ = {
			isa = XCConfigurationList;
			buildConfigurations = (
				D5B37C2B1D68E432002009DB /* Debug */,
				D5B37C2C1D68E432002009DB /* Release */,
			);
			defaultConfigurationIsVisible = 0;
			defaultConfigurationName = Release;
		};
/* End XCConfigurationList section */
	};
	rootObject = D5B37C101D68E431002009DB /* Project object */;
}
